
Microsoft Visual Studio Solution File, Format Version 10.00
# Visual Studio 2008
Project("{FAE04EC0-301F-11D3-BF4B-00C04F79EFBC}") = "Common", "Common\Common.csproj", "{4630C8D3-67C9-443D-89C4-F11A2CCEC50C}"
EndProject
Project("{2150E333-8FDC-42A3-9474-1A3956D46DE8}") = "Problems", "Problems", "{14CD9FB5-32AB-4C96-8FED-AF2C52C94B49}"
EndProject
Project("{2150E333-8FDC-42A3-9474-1A3956D46DE8}") = "2SP", "2SP", "{4588E292-0927-474A-AE97-F0E4704A1702}"
EndProject
Project("{FAE04EC0-301F-11D3-BF4B-00C04F79EFBC}") = "UMDA2OptBest42SP", "Problems\2SP\UMDA2OptBest42SP\UMDA2OptBest42SP.csproj", "{2A349632-0FFC-4B3E-B310-616EAD60F7F5}"
EndProject
Project("{FAE04EC0-301F-11D3-BF4B-00C04F79EFBC}") = "UMDA2OptFirst42SP", "Problems\2SP\UMDA2OptFirst42SP\UMDA2OptFirst42SP.csproj", "{1B42597A-1C86-4396-9612-249AA795CB95}"
EndProject
Project("{FAE04EC0-301F-11D3-BF4B-00C04F79EFBC}") = "UMDA42SP", "Problems\2SP\UMDA42SP\UMDA42SP.csproj", "{9AA09190-3651-4985-B1A7-EDB5F4D9544E}"
EndProject
Project("{2150E333-8FDC-42A3-9474-1A3956D46DE8}") = "QAP", "QAP", "{CF731A73-BCC5-4793-9106-3ADE41928EB9}"
EndProject
Project("{FAE04EC0-301F-11D3-BF4B-00C04F79EFBC}") = "UMDA2OptBest4QAP", "Problems\QAP\UMDA2OptBest4QAP\UMDA2OptBest4QAP.csproj", "{D046BDE9-5B53-4080-BF5B-12537700100A}"
EndProject
Project("{FAE04EC0-301F-11D3-BF4B-00C04F79EFBC}") = "UMDA2OptFirst4QAP", "Problems\QAP\UMDA2OptFirst4QAP\UMDA2OptFirst4QAP.csproj", "{13C4A8C5-928B-464D-8620-1112F795D645}"
EndProject
Project("{FAE04EC0-301F-11D3-BF4B-00C04F79EFBC}") = "UMDA4QAP", "Problems\QAP\UMDA4QAP\UMDA4QAP.csproj", "{996DAABA-52E8-4A6A-AE45-4A8A21AE50FD}"
EndProject
Project("{FAE04EC0-301F-11D3-BF4B-00C04F79EFBC}") = "GA4QAP", "Problems\QAP\GA4QAP\GA4QAP.csproj", "{3B269FC5-095D-4897-8CCB-FE2581A575CD}"
EndProject
Project("{FAE04EC0-301F-11D3-BF4B-00C04F79EFBC}") = "GRASP2OptBest4QAP", "Problems\QAP\GRASP2OptBest4QAP\GRASP2OptBest4QAP.csproj", "{C3849A7C-D487-468B-9490-8B5FD52AAA84}"
EndProject
Project("{FAE04EC0-301F-11D3-BF4B-00C04F79EFBC}") = "GRASP2OptFirst4QAP", "Problems\QAP\GRASP2OptFirst4QAP\GRASP2OptFirst4QAP.csproj", "{C9DCE13B-7251-4CEE-8A5D-08F480FAEC06}"
EndProject
Project("{2150E333-8FDC-42A3-9474-1A3956D46DE8}") = "SPP", "SPP", "{798BCF2D-8485-4C6A-8EDD-5D3B22FD58A0}"
EndProject
Project("{FAE04EC0-301F-11D3-BF4B-00C04F79EFBC}") = "UMDA2OptBest4SPP", "Problems\SPP\UMDA2OptBest4SPP\UMDA2OptBest4SPP.csproj", "{93195036-15E3-4549-B427-5C911EE071B4}"
EndProject
Project("{FAE04EC0-301F-11D3-BF4B-00C04F79EFBC}") = "UMDA2OptFirst4SPP", "Problems\SPP\UMDA2OptFirst4SPP\UMDA2OptFirst4SPP.csproj", "{91E9E90B-8999-4B69-96C2-1AD4762F0CB3}"
EndProject
Project("{FAE04EC0-301F-11D3-BF4B-00C04F79EFBC}") = "UMDA4SPP", "Problems\SPP\UMDA4SPP\UMDA4SPP.csproj", "{987986E7-1AF1-469E-9910-95353754BD03}"
EndProject
Project("{2150E333-8FDC-42A3-9474-1A3956D46DE8}") = "TSP", "TSP", "{36D71D50-2ABE-48EF-95A8-D3D56C7A1AC4}"
EndProject
Project("{FAE04EC0-301F-11D3-BF4B-00C04F79EFBC}") = "UMDA2OptBest4TSP", "Problems\TSP\UMDA2OptBest4TSP\UMDA2OptBest4TSP.csproj", "{BC7E79ED-602F-4A92-8B5B-D8912C10CA8C}"
EndProject
Project("{FAE04EC0-301F-11D3-BF4B-00C04F79EFBC}") = "UMDA2OptFirst4TSP", "Problems\TSP\UMDA2OptFirst4TSP\UMDA2OptFirst4TSP.csproj", "{6DB55593-ED82-45AB-8213-2ADF3791FAAB}"
EndProject
Project("{FAE04EC0-301F-11D3-BF4B-00C04F79EFBC}") = "UMDA4TSP", "Problems\TSP\UMDA4TSP\UMDA4TSP.csproj", "{28D86552-5EA6-4F82-8812-3BBA2FEA15D7}"
EndProject
Project("{FAE04EC0-301F-11D3-BF4B-00C04F79EFBC}") = "GA4TSP", "Problems\TSP\GA4TSP\GA4TSP.csproj", "{7F8A5A1E-F5C2-469A-AA46-0E08930CF4EF}"
EndProject
Project("{FAE04EC0-301F-11D3-BF4B-00C04F79EFBC}") = "GRASP2OptBest4TSP", "Problems\TSP\GRASP2OptBest4TSP\GRASP2OptBest4TSP.csproj", "{65D17E7E-C0FA-4CBA-97B3-B32416BBE4F5}"
EndProject
Project("{FAE04EC0-301F-11D3-BF4B-00C04F79EFBC}") = "GRASP2OptFirst4TSP", "Problems\TSP\GRASP2OptFirst4TSP\GRASP2OptFirst4TSP.csproj", "{3420DDC7-6D6F-4D88-9095-3181361C325B}"
EndProject
Project("{FAE04EC0-301F-11D3-BF4B-00C04F79EFBC}") = "Test", "Test\Test.csproj", "{E06C3E27-AFA5-46B4-9239-387DC7CE88AB}"
EndProject
Global
	GlobalSection(SolutionConfigurationPlatforms) = preSolution
		Debug|Any CPU = Debug|Any CPU
		Release|Any CPU = Release|Any CPU
	EndGlobalSection
	GlobalSection(ProjectConfigurationPlatforms) = postSolution
		{13C4A8C5-928B-464D-8620-1112F795D645}.Debug|Any CPU.ActiveCfg = Debug|Any CPU
		{13C4A8C5-928B-464D-8620-1112F795D645}.Debug|Any CPU.Build.0 = Debug|Any CPU
		{13C4A8C5-928B-464D-8620-1112F795D645}.Release|Any CPU.ActiveCfg = Release|Any CPU
		{13C4A8C5-928B-464D-8620-1112F795D645}.Release|Any CPU.Build.0 = Release|Any CPU
		{1B42597A-1C86-4396-9612-249AA795CB95}.Debug|Any CPU.ActiveCfg = Debug|Any CPU
		{1B42597A-1C86-4396-9612-249AA795CB95}.Debug|Any CPU.Build.0 = Debug|Any CPU
		{1B42597A-1C86-4396-9612-249AA795CB95}.Release|Any CPU.ActiveCfg = Release|Any CPU
		{1B42597A-1C86-4396-9612-249AA795CB95}.Release|Any CPU.Build.0 = Release|Any CPU
		{28D86552-5EA6-4F82-8812-3BBA2FEA15D7}.Debug|Any CPU.ActiveCfg = Debug|Any CPU
		{28D86552-5EA6-4F82-8812-3BBA2FEA15D7}.Debug|Any CPU.Build.0 = Debug|Any CPU
		{28D86552-5EA6-4F82-8812-3BBA2FEA15D7}.Release|Any CPU.ActiveCfg = Release|Any CPU
		{28D86552-5EA6-4F82-8812-3BBA2FEA15D7}.Release|Any CPU.Build.0 = Release|Any CPU
		{2A349632-0FFC-4B3E-B310-616EAD60F7F5}.Debug|Any CPU.ActiveCfg = Debug|Any CPU
		{2A349632-0FFC-4B3E-B310-616EAD60F7F5}.Debug|Any CPU.Build.0 = Debug|Any CPU
		{2A349632-0FFC-4B3E-B310-616EAD60F7F5}.Release|Any CPU.ActiveCfg = Release|Any CPU
		{2A349632-0FFC-4B3E-B310-616EAD60F7F5}.Release|Any CPU.Build.0 = Release|Any CPU
		{3420DDC7-6D6F-4D88-9095-3181361C325B}.Debug|Any CPU.ActiveCfg = Debug|Any CPU
		{3420DDC7-6D6F-4D88-9095-3181361C325B}.Debug|Any CPU.Build.0 = Debug|Any CPU
		{3420DDC7-6D6F-4D88-9095-3181361C325B}.Release|Any CPU.ActiveCfg = Release|Any CPU
		{3420DDC7-6D6F-4D88-9095-3181361C325B}.Release|Any CPU.Build.0 = Release|Any CPU
		{3B269FC5-095D-4897-8CCB-FE2581A575CD}.Debug|Any CPU.ActiveCfg = Debug|Any CPU
		{3B269FC5-095D-4897-8CCB-FE2581A575CD}.Debug|Any CPU.Build.0 = Debug|Any CPU
		{3B269FC5-095D-4897-8CCB-FE2581A575CD}.Release|Any CPU.ActiveCfg = Release|Any CPU
		{3B269FC5-095D-4897-8CCB-FE2581A575CD}.Release|Any CPU.Build.0 = Release|Any CPU
		{4630C8D3-67C9-443D-89C4-F11A2CCEC50C}.Debug|Any CPU.ActiveCfg = Debug|Any CPU
		{4630C8D3-67C9-443D-89C4-F11A2CCEC50C}.Debug|Any CPU.Build.0 = Debug|Any CPU
		{4630C8D3-67C9-443D-89C4-F11A2CCEC50C}.Release|Any CPU.ActiveCfg = Release|Any CPU
		{4630C8D3-67C9-443D-89C4-F11A2CCEC50C}.Release|Any CPU.Build.0 = Release|Any CPU
		{65D17E7E-C0FA-4CBA-97B3-B32416BBE4F5}.Debug|Any CPU.ActiveCfg = Debug|Any CPU
		{65D17E7E-C0FA-4CBA-97B3-B32416BBE4F5}.Debug|Any CPU.Build.0 = Debug|Any CPU
		{65D17E7E-C0FA-4CBA-97B3-B32416BBE4F5}.Release|Any CPU.ActiveCfg = Release|Any CPU
		{65D17E7E-C0FA-4CBA-97B3-B32416BBE4F5}.Release|Any CPU.Build.0 = Release|Any CPU
		{6DB55593-ED82-45AB-8213-2ADF3791FAAB}.Debug|Any CPU.ActiveCfg = Debug|Any CPU
		{6DB55593-ED82-45AB-8213-2ADF3791FAAB}.Debug|Any CPU.Build.0 = Debug|Any CPU
		{6DB55593-ED82-45AB-8213-2ADF3791FAAB}.Release|Any CPU.ActiveCfg = Release|Any CPU
		{6DB55593-ED82-45AB-8213-2ADF3791FAAB}.Release|Any CPU.Build.0 = Release|Any CPU
		{7F8A5A1E-F5C2-469A-AA46-0E08930CF4EF}.Debug|Any CPU.ActiveCfg = Debug|Any CPU
		{7F8A5A1E-F5C2-469A-AA46-0E08930CF4EF}.Debug|Any CPU.Build.0 = Debug|Any CPU
		{7F8A5A1E-F5C2-469A-AA46-0E08930CF4EF}.Release|Any CPU.ActiveCfg = Release|Any CPU
		{7F8A5A1E-F5C2-469A-AA46-0E08930CF4EF}.Release|Any CPU.Build.0 = Release|Any CPU
		{91E9E90B-8999-4B69-96C2-1AD4762F0CB3}.Debug|Any CPU.ActiveCfg = Debug|Any CPU
		{91E9E90B-8999-4B69-96C2-1AD4762F0CB3}.Debug|Any CPU.Build.0 = Debug|Any CPU
		{91E9E90B-8999-4B69-96C2-1AD4762F0CB3}.Release|Any CPU.ActiveCfg = Release|Any CPU
		{91E9E90B-8999-4B69-96C2-1AD4762F0CB3}.Release|Any CPU.Build.0 = Release|Any CPU
		{93195036-15E3-4549-B427-5C911EE071B4}.Debug|Any CPU.ActiveCfg = Debug|Any CPU
		{93195036-15E3-4549-B427-5C911EE071B4}.Debug|Any CPU.Build.0 = Debug|Any CPU
		{93195036-15E3-4549-B427-5C911EE071B4}.Release|Any CPU.ActiveCfg = Release|Any CPU
		{93195036-15E3-4549-B427-5C911EE071B4}.Release|Any CPU.Build.0 = Release|Any CPU
		{987986E7-1AF1-469E-9910-95353754BD03}.Debug|Any CPU.ActiveCfg = Debug|Any CPU
		{987986E7-1AF1-469E-9910-95353754BD03}.Debug|Any CPU.Build.0 = Debug|Any CPU
		{987986E7-1AF1-469E-9910-95353754BD03}.Release|Any CPU.ActiveCfg = Release|Any CPU
		{987986E7-1AF1-469E-9910-95353754BD03}.Release|Any CPU.Build.0 = Release|Any CPU
		{996DAABA-52E8-4A6A-AE45-4A8A21AE50FD}.Debug|Any CPU.ActiveCfg = Debug|Any CPU
		{996DAABA-52E8-4A6A-AE45-4A8A21AE50FD}.Debug|Any CPU.Build.0 = Debug|Any CPU
		{996DAABA-52E8-4A6A-AE45-4A8A21AE50FD}.Release|Any CPU.ActiveCfg = Release|Any CPU
		{996DAABA-52E8-4A6A-AE45-4A8A21AE50FD}.Release|Any CPU.Build.0 = Release|Any CPU
		{9AA09190-3651-4985-B1A7-EDB5F4D9544E}.Debug|Any CPU.ActiveCfg = Debug|Any CPU
		{9AA09190-3651-4985-B1A7-EDB5F4D9544E}.Debug|Any CPU.Build.0 = Debug|Any CPU
		{9AA09190-3651-4985-B1A7-EDB5F4D9544E}.Release|Any CPU.ActiveCfg = Release|Any CPU
		{9AA09190-3651-4985-B1A7-EDB5F4D9544E}.Release|Any CPU.Build.0 = Release|Any CPU
		{BC7E79ED-602F-4A92-8B5B-D8912C10CA8C}.Debug|Any CPU.ActiveCfg = Debug|Any CPU
		{BC7E79ED-602F-4A92-8B5B-D8912C10CA8C}.Debug|Any CPU.Build.0 = Debug|Any CPU
		{BC7E79ED-602F-4A92-8B5B-D8912C10CA8C}.Release|Any CPU.ActiveCfg = Release|Any CPU
		{BC7E79ED-602F-4A92-8B5B-D8912C10CA8C}.Release|Any CPU.Build.0 = Release|Any CPU
		{C3849A7C-D487-468B-9490-8B5FD52AAA84}.Debug|Any CPU.ActiveCfg = Debug|Any CPU
		{C3849A7C-D487-468B-9490-8B5FD52AAA84}.Debug|Any CPU.Build.0 = Debug|Any CPU
		{C3849A7C-D487-468B-9490-8B5FD52AAA84}.Release|Any CPU.ActiveCfg = Release|Any CPU
		{C3849A7C-D487-468B-9490-8B5FD52AAA84}.Release|Any CPU.Build.0 = Release|Any CPU
		{C9DCE13B-7251-4CEE-8A5D-08F480FAEC06}.Debug|Any CPU.ActiveCfg = Debug|Any CPU
		{C9DCE13B-7251-4CEE-8A5D-08F480FAEC06}.Debug|Any CPU.Build.0 = Debug|Any CPU
		{C9DCE13B-7251-4CEE-8A5D-08F480FAEC06}.Release|Any CPU.ActiveCfg = Release|Any CPU
		{C9DCE13B-7251-4CEE-8A5D-08F480FAEC06}.Release|Any CPU.Build.0 = Release|Any CPU
		{D046BDE9-5B53-4080-BF5B-12537700100A}.Debug|Any CPU.ActiveCfg = Debug|Any CPU
		{D046BDE9-5B53-4080-BF5B-12537700100A}.Debug|Any CPU.Build.0 = Debug|Any CPU
		{D046BDE9-5B53-4080-BF5B-12537700100A}.Release|Any CPU.ActiveCfg = Release|Any CPU
		{D046BDE9-5B53-4080-BF5B-12537700100A}.Release|Any CPU.Build.0 = Release|Any CPU
		{E06C3E27-AFA5-46B4-9239-387DC7CE88AB}.Debug|Any CPU.ActiveCfg = Debug|Any CPU
		{E06C3E27-AFA5-46B4-9239-387DC7CE88AB}.Debug|Any CPU.Build.0 = Debug|Any CPU
		{E06C3E27-AFA5-46B4-9239-387DC7CE88AB}.Release|Any CPU.ActiveCfg = Release|Any CPU
		{E06C3E27-AFA5-46B4-9239-387DC7CE88AB}.Release|Any CPU.Build.0 = Release|Any CPU
	EndGlobalSection
	GlobalSection(NestedProjects) = preSolution
		{4588E292-0927-474A-AE97-F0E4704A1702} = {14CD9FB5-32AB-4C96-8FED-AF2C52C94B49}
		{CF731A73-BCC5-4793-9106-3ADE41928EB9} = {14CD9FB5-32AB-4C96-8FED-AF2C52C94B49}
		{798BCF2D-8485-4C6A-8EDD-5D3B22FD58A0} = {14CD9FB5-32AB-4C96-8FED-AF2C52C94B49}
		{36D71D50-2ABE-48EF-95A8-D3D56C7A1AC4} = {14CD9FB5-32AB-4C96-8FED-AF2C52C94B49}
		{2A349632-0FFC-4B3E-B310-616EAD60F7F5} = {4588E292-0927-474A-AE97-F0E4704A1702}
		{1B42597A-1C86-4396-9612-249AA795CB95} = {4588E292-0927-474A-AE97-F0E4704A1702}
		{9AA09190-3651-4985-B1A7-EDB5F4D9544E} = {4588E292-0927-474A-AE97-F0E4704A1702}
		{D046BDE9-5B53-4080-BF5B-12537700100A} = {CF731A73-BCC5-4793-9106-3ADE41928EB9}
		{13C4A8C5-928B-464D-8620-1112F795D645} = {CF731A73-BCC5-4793-9106-3ADE41928EB9}
		{996DAABA-52E8-4A6A-AE45-4A8A21AE50FD} = {CF731A73-BCC5-4793-9106-3ADE41928EB9}
		{3B269FC5-095D-4897-8CCB-FE2581A575CD} = {CF731A73-BCC5-4793-9106-3ADE41928EB9}
		{C3849A7C-D487-468B-9490-8B5FD52AAA84} = {CF731A73-BCC5-4793-9106-3ADE41928EB9}
		{C9DCE13B-7251-4CEE-8A5D-08F480FAEC06} = {CF731A73-BCC5-4793-9106-3ADE41928EB9}
		{93195036-15E3-4549-B427-5C911EE071B4} = {798BCF2D-8485-4C6A-8EDD-5D3B22FD58A0}
		{91E9E90B-8999-4B69-96C2-1AD4762F0CB3} = {798BCF2D-8485-4C6A-8EDD-5D3B22FD58A0}
		{987986E7-1AF1-469E-9910-95353754BD03} = {798BCF2D-8485-4C6A-8EDD-5D3B22FD58A0}
		{BC7E79ED-602F-4A92-8B5B-D8912C10CA8C} = {36D71D50-2ABE-48EF-95A8-D3D56C7A1AC4}
		{6DB55593-ED82-45AB-8213-2ADF3791FAAB} = {36D71D50-2ABE-48EF-95A8-D3D56C7A1AC4}
		{28D86552-5EA6-4F82-8812-3BBA2FEA15D7} = {36D71D50-2ABE-48EF-95A8-D3D56C7A1AC4}
		{7F8A5A1E-F5C2-469A-AA46-0E08930CF4EF} = {36D71D50-2ABE-48EF-95A8-D3D56C7A1AC4}
		{65D17E7E-C0FA-4CBA-97B3-B32416BBE4F5} = {36D71D50-2ABE-48EF-95A8-D3D56C7A1AC4}
		{3420DDC7-6D6F-4D88-9095-3181361C325B} = {36D71D50-2ABE-48EF-95A8-D3D56C7A1AC4}
	EndGlobalSection
	GlobalSection(MonoDevelopProperties) = preSolution
		StartupItem = Test\Test.csproj
		Policies = $0
		$0.DotNetNamingPolicy = $1
		$1.DirectoryNamespaceAssociation = None
		$1.ResourceNamePolicy = FileFormatDefault
		$0.StandardHeader = $2
		$2.Text = 
		$2.inheritsSet = MITX11License
		$0.VersionControlPolicy = $3
		$3.inheritsSet = Mono
	EndGlobalSection
EndGlobal
