
Microsoft Visual Studio Solution File, Format Version 10.00
# Visual Studio 2008
Project("{FAE04EC0-301F-11D3-BF4B-00C04F79EFBC}") = "Common", "Common\Common.csproj", "{4630C8D3-67C9-443D-89C4-F11A2CCEC50C}"
EndProject
Project("{FAE04EC0-301F-11D3-BF4B-00C04F79EFBC}") = "Test", "Test\Test.csproj", "{500955F2-944F-4656-8446-DEA9E8DEABE1}"
EndProject
Project("{2150E333-8FDC-42A3-9474-1A3956D46DE8}") = "Problems", "Problems", "{87A7C429-921C-4BB9-B927-770EB10E00BA}"
EndProject
Project("{2150E333-8FDC-42A3-9474-1A3956D46DE8}") = "2SP", "2SP", "{E5ABD8C0-F4E3-4143-8D4D-3CED2030F719}"
EndProject
Project("{FAE04EC0-301F-11D3-BF4B-00C04F79EFBC}") = "UMDA42SP", "Problems\2SP\UMDA42SP\UMDA42SP.csproj", "{9AA09190-3651-4985-B1A7-EDB5F4D9544E}"
EndProject
Project("{FAE04EC0-301F-11D3-BF4B-00C04F79EFBC}") = "UMDA2OptBest42SP", "Problems\2SP\UMDA2OptBest42SP\UMDA2OptBest42SP.csproj", "{2A349632-0FFC-4B3E-B310-616EAD60F7F5}"
EndProject
Project("{FAE04EC0-301F-11D3-BF4B-00C04F79EFBC}") = "UMDA2OptFirst42SP", "Problems\2SP\UMDA2OptFirst42SP\UMDA2OptFirst42SP.csproj", "{1B42597A-1C86-4396-9612-249AA795CB95}"
EndProject
Project("{2150E333-8FDC-42A3-9474-1A3956D46DE8}") = "QAP", "QAP", "{D0245E5D-CF89-49BE-95BE-542DAD6C6E97}"
EndProject
Project("{FAE04EC0-301F-11D3-BF4B-00C04F79EFBC}") = "UMDA4QAP", "Problems\QAP\UMDA4QAP\UMDA4QAP.csproj", "{996DAABA-52E8-4A6A-AE45-4A8A21AE50FD}"
EndProject
Project("{FAE04EC0-301F-11D3-BF4B-00C04F79EFBC}") = "UMDA2OptFirst4QAP", "Problems\QAP\UMDA2OptFirst4QAP\UMDA2OptFirst4QAP.csproj", "{13C4A8C5-928B-464D-8620-1112F795D645}"
EndProject
Project("{FAE04EC0-301F-11D3-BF4B-00C04F79EFBC}") = "UMDA2OptBest4QAP", "Problems\QAP\UMDA2OptBest4QAP\UMDA2OptBest4QAP.csproj", "{D046BDE9-5B53-4080-BF5B-12537700100A}"
EndProject
Project("{2150E333-8FDC-42A3-9474-1A3956D46DE8}") = "SPP", "SPP", "{0E37AA99-7729-4FD3-A15F-0882A26EE0FA}"
EndProject
Project("{FAE04EC0-301F-11D3-BF4B-00C04F79EFBC}") = "UMDA4SPP", "Problems\SPP\UMDA4SPP\UMDA4SPP.csproj", "{987986E7-1AF1-469E-9910-95353754BD03}"
EndProject
Project("{FAE04EC0-301F-11D3-BF4B-00C04F79EFBC}") = "UMDA2OptBest4SPP", "Problems\SPP\UMDA2OptBest4SPP\UMDA2OptBest4SPP.csproj", "{93195036-15E3-4549-B427-5C911EE071B4}"
EndProject
Project("{FAE04EC0-301F-11D3-BF4B-00C04F79EFBC}") = "UMDA2OptFirst4SPP", "Problems\SPP\UMDA2OptFirst4SPP\UMDA2OptFirst4SPP.csproj", "{91E9E90B-8999-4B69-96C2-1AD4762F0CB3}"
EndProject
Project("{2150E333-8FDC-42A3-9474-1A3956D46DE8}") = "TSP", "TSP", "{AED07241-7E5D-46FD-9134-09464D9D1B15}"
EndProject
Project("{FAE04EC0-301F-11D3-BF4B-00C04F79EFBC}") = "UMDA4TSP", "Problems\TSP\UMDA4TSP\UMDA4TSP.csproj", "{28D86552-5EA6-4F82-8812-3BBA2FEA15D7}"
EndProject
Project("{FAE04EC0-301F-11D3-BF4B-00C04F79EFBC}") = "UMDA2OptFirst4TSP", "Problems\TSP\UMDA2OptFirst4TSP\UMDA2OptFirst4TSP.csproj", "{6DB55593-ED82-45AB-8213-2ADF3791FAAB}"
EndProject
Project("{FAE04EC0-301F-11D3-BF4B-00C04F79EFBC}") = "UMDA2OptBest4TSP", "Problems\TSP\UMDA2OptBest4TSP\UMDA2OptBest4TSP.csproj", "{BC7E79ED-602F-4A92-8B5B-D8912C10CA8C}"
EndProject
Global
	GlobalSection(SolutionConfigurationPlatforms) = preSolution
		Debug|Any CPU = Debug|Any CPU
		Release|Any CPU = Release|Any CPU
	EndGlobalSection
	GlobalSection(ProjectConfigurationPlatforms) = postSolution
		{13C4A8C5-928B-464D-8620-1112F795D645}.Debug|Any CPU.ActiveCfg = Debug|Any CPU
		{13C4A8C5-928B-464D-8620-1112F795D645}.Debug|Any CPU.Build.0 = Debug|Any CPU
		{13C4A8C5-928B-464D-8620-1112F795D645}.Release|Any CPU.ActiveCfg = Release|Any CPU
		{13C4A8C5-928B-464D-8620-1112F795D645}.Release|Any CPU.Build.0 = Release|Any CPU
		{1B42597A-1C86-4396-9612-249AA795CB95}.Debug|Any CPU.ActiveCfg = Debug|Any CPU
		{1B42597A-1C86-4396-9612-249AA795CB95}.Debug|Any CPU.Build.0 = Debug|Any CPU
		{1B42597A-1C86-4396-9612-249AA795CB95}.Release|Any CPU.ActiveCfg = Release|Any CPU
		{1B42597A-1C86-4396-9612-249AA795CB95}.Release|Any CPU.Build.0 = Release|Any CPU
		{28D86552-5EA6-4F82-8812-3BBA2FEA15D7}.Debug|Any CPU.ActiveCfg = Debug|Any CPU
		{28D86552-5EA6-4F82-8812-3BBA2FEA15D7}.Debug|Any CPU.Build.0 = Debug|Any CPU
		{28D86552-5EA6-4F82-8812-3BBA2FEA15D7}.Release|Any CPU.ActiveCfg = Release|Any CPU
		{28D86552-5EA6-4F82-8812-3BBA2FEA15D7}.Release|Any CPU.Build.0 = Release|Any CPU
		{2A349632-0FFC-4B3E-B310-616EAD60F7F5}.Debug|Any CPU.ActiveCfg = Debug|Any CPU
		{2A349632-0FFC-4B3E-B310-616EAD60F7F5}.Debug|Any CPU.Build.0 = Debug|Any CPU
		{2A349632-0FFC-4B3E-B310-616EAD60F7F5}.Release|Any CPU.ActiveCfg = Release|Any CPU
		{2A349632-0FFC-4B3E-B310-616EAD60F7F5}.Release|Any CPU.Build.0 = Release|Any CPU
		{4630C8D3-67C9-443D-89C4-F11A2CCEC50C}.Debug|Any CPU.ActiveCfg = Debug|Any CPU
		{4630C8D3-67C9-443D-89C4-F11A2CCEC50C}.Debug|Any CPU.Build.0 = Debug|Any CPU
		{4630C8D3-67C9-443D-89C4-F11A2CCEC50C}.Release|Any CPU.ActiveCfg = Release|Any CPU
		{4630C8D3-67C9-443D-89C4-F11A2CCEC50C}.Release|Any CPU.Build.0 = Release|Any CPU
		{500955F2-944F-4656-8446-DEA9E8DEABE1}.Debug|Any CPU.ActiveCfg = Debug|Any CPU
		{500955F2-944F-4656-8446-DEA9E8DEABE1}.Debug|Any CPU.Build.0 = Debug|Any CPU
		{500955F2-944F-4656-8446-DEA9E8DEABE1}.Release|Any CPU.ActiveCfg = Release|Any CPU
		{500955F2-944F-4656-8446-DEA9E8DEABE1}.Release|Any CPU.Build.0 = Release|Any CPU
		{6DB55593-ED82-45AB-8213-2ADF3791FAAB}.Debug|Any CPU.ActiveCfg = Debug|Any CPU
		{6DB55593-ED82-45AB-8213-2ADF3791FAAB}.Debug|Any CPU.Build.0 = Debug|Any CPU
		{6DB55593-ED82-45AB-8213-2ADF3791FAAB}.Release|Any CPU.ActiveCfg = Release|Any CPU
		{6DB55593-ED82-45AB-8213-2ADF3791FAAB}.Release|Any CPU.Build.0 = Release|Any CPU
		{91E9E90B-8999-4B69-96C2-1AD4762F0CB3}.Debug|Any CPU.ActiveCfg = Debug|Any CPU
		{91E9E90B-8999-4B69-96C2-1AD4762F0CB3}.Debug|Any CPU.Build.0 = Debug|Any CPU
		{91E9E90B-8999-4B69-96C2-1AD4762F0CB3}.Release|Any CPU.ActiveCfg = Release|Any CPU
		{91E9E90B-8999-4B69-96C2-1AD4762F0CB3}.Release|Any CPU.Build.0 = Release|Any CPU
		{93195036-15E3-4549-B427-5C911EE071B4}.Debug|Any CPU.ActiveCfg = Debug|Any CPU
		{93195036-15E3-4549-B427-5C911EE071B4}.Debug|Any CPU.Build.0 = Debug|Any CPU
		{93195036-15E3-4549-B427-5C911EE071B4}.Release|Any CPU.ActiveCfg = Release|Any CPU
		{93195036-15E3-4549-B427-5C911EE071B4}.Release|Any CPU.Build.0 = Release|Any CPU
		{987986E7-1AF1-469E-9910-95353754BD03}.Debug|Any CPU.ActiveCfg = Debug|Any CPU
		{987986E7-1AF1-469E-9910-95353754BD03}.Debug|Any CPU.Build.0 = Debug|Any CPU
		{987986E7-1AF1-469E-9910-95353754BD03}.Release|Any CPU.ActiveCfg = Release|Any CPU
		{987986E7-1AF1-469E-9910-95353754BD03}.Release|Any CPU.Build.0 = Release|Any CPU
		{996DAABA-52E8-4A6A-AE45-4A8A21AE50FD}.Debug|Any CPU.ActiveCfg = Debug|Any CPU
		{996DAABA-52E8-4A6A-AE45-4A8A21AE50FD}.Debug|Any CPU.Build.0 = Debug|Any CPU
		{996DAABA-52E8-4A6A-AE45-4A8A21AE50FD}.Release|Any CPU.ActiveCfg = Release|Any CPU
		{996DAABA-52E8-4A6A-AE45-4A8A21AE50FD}.Release|Any CPU.Build.0 = Release|Any CPU
		{9AA09190-3651-4985-B1A7-EDB5F4D9544E}.Debug|Any CPU.ActiveCfg = Debug|Any CPU
		{9AA09190-3651-4985-B1A7-EDB5F4D9544E}.Debug|Any CPU.Build.0 = Debug|Any CPU
		{9AA09190-3651-4985-B1A7-EDB5F4D9544E}.Release|Any CPU.ActiveCfg = Release|Any CPU
		{9AA09190-3651-4985-B1A7-EDB5F4D9544E}.Release|Any CPU.Build.0 = Release|Any CPU
		{BC7E79ED-602F-4A92-8B5B-D8912C10CA8C}.Debug|Any CPU.ActiveCfg = Debug|Any CPU
		{BC7E79ED-602F-4A92-8B5B-D8912C10CA8C}.Debug|Any CPU.Build.0 = Debug|Any CPU
		{BC7E79ED-602F-4A92-8B5B-D8912C10CA8C}.Release|Any CPU.ActiveCfg = Release|Any CPU
		{BC7E79ED-602F-4A92-8B5B-D8912C10CA8C}.Release|Any CPU.Build.0 = Release|Any CPU
		{D046BDE9-5B53-4080-BF5B-12537700100A}.Debug|Any CPU.ActiveCfg = Debug|Any CPU
		{D046BDE9-5B53-4080-BF5B-12537700100A}.Debug|Any CPU.Build.0 = Debug|Any CPU
		{D046BDE9-5B53-4080-BF5B-12537700100A}.Release|Any CPU.ActiveCfg = Release|Any CPU
		{D046BDE9-5B53-4080-BF5B-12537700100A}.Release|Any CPU.Build.0 = Release|Any CPU
	EndGlobalSection
	GlobalSection(NestedProjects) = preSolution
		{E5ABD8C0-F4E3-4143-8D4D-3CED2030F719} = {87A7C429-921C-4BB9-B927-770EB10E00BA}
		{D0245E5D-CF89-49BE-95BE-542DAD6C6E97} = {87A7C429-921C-4BB9-B927-770EB10E00BA}
		{0E37AA99-7729-4FD3-A15F-0882A26EE0FA} = {87A7C429-921C-4BB9-B927-770EB10E00BA}
		{AED07241-7E5D-46FD-9134-09464D9D1B15} = {87A7C429-921C-4BB9-B927-770EB10E00BA}
		{9AA09190-3651-4985-B1A7-EDB5F4D9544E} = {E5ABD8C0-F4E3-4143-8D4D-3CED2030F719}
		{2A349632-0FFC-4B3E-B310-616EAD60F7F5} = {E5ABD8C0-F4E3-4143-8D4D-3CED2030F719}
		{1B42597A-1C86-4396-9612-249AA795CB95} = {E5ABD8C0-F4E3-4143-8D4D-3CED2030F719}
		{996DAABA-52E8-4A6A-AE45-4A8A21AE50FD} = {D0245E5D-CF89-49BE-95BE-542DAD6C6E97}
		{13C4A8C5-928B-464D-8620-1112F795D645} = {D0245E5D-CF89-49BE-95BE-542DAD6C6E97}
		{D046BDE9-5B53-4080-BF5B-12537700100A} = {D0245E5D-CF89-49BE-95BE-542DAD6C6E97}
		{987986E7-1AF1-469E-9910-95353754BD03} = {0E37AA99-7729-4FD3-A15F-0882A26EE0FA}
		{93195036-15E3-4549-B427-5C911EE071B4} = {0E37AA99-7729-4FD3-A15F-0882A26EE0FA}
		{91E9E90B-8999-4B69-96C2-1AD4762F0CB3} = {0E37AA99-7729-4FD3-A15F-0882A26EE0FA}
		{28D86552-5EA6-4F82-8812-3BBA2FEA15D7} = {AED07241-7E5D-46FD-9134-09464D9D1B15}
		{6DB55593-ED82-45AB-8213-2ADF3791FAAB} = {AED07241-7E5D-46FD-9134-09464D9D1B15}
		{BC7E79ED-602F-4A92-8B5B-D8912C10CA8C} = {AED07241-7E5D-46FD-9134-09464D9D1B15}
	EndGlobalSection
	GlobalSection(MonoDevelopProperties) = preSolution
		StartupItem = Test\Test.csproj
	EndGlobalSection
EndGlobal
