
Microsoft Visual Studio Solution File, Format Version 10.00
# Visual Studio 2008
Project("{2150E333-8FDC-42A3-9474-1A3956D46DE8}") = "Problems", "Problems", "{268BAEDC-A0ED-4C8B-88F7-4EE16B687CEB}"
EndProject
Project("{2150E333-8FDC-42A3-9474-1A3956D46DE8}") = "2SP", "2SP", "{BE303319-E9EE-4C99-9B4A-6265D312BE1E}"
EndProject
Project("{FAE04EC0-301F-11D3-BF4B-00C04F79EFBC}") = "GANPS42SP", "Problems\2SP\GANPS42SP\GANPS42SP.csproj", "{F479D3C9-46D8-453B-A07E-4143F892063C}"
EndProject
Project("{FAE04EC0-301F-11D3-BF4B-00C04F79EFBC}") = "UMDANPS42SP", "Problems\2SP\UMDANPS42SP\UMDANPS42SP.csproj", "{9AA09190-3651-4985-B1A7-EDB5F4D9544E}"
EndProject
Project("{FAE04EC0-301F-11D3-BF4B-00C04F79EFBC}") = "SANPS42SP", "Problems\2SP\SANPS42SP\SANPS42SP.csproj", "{E6AB3E8F-DCA1-4F78-ACF3-9E673CD49F25}"
EndProject
Project("{FAE04EC0-301F-11D3-BF4B-00C04F79EFBC}") = "PSONPS42SP", "Problems\2SP\PSONPS42SP\PSONPS42SP.csproj", "{8B0EEB18-CAFE-436E-A3EE-90AE924DDB29}"
EndProject
Project("{FAE04EC0-301F-11D3-BF4B-00C04F79EFBC}") = "TSNPS42SP", "Problems\2SP\TSNPS42SP\TSNPS42SP.csproj", "{5D8C7CF3-A94C-451C-99FC-C1C1E7CF2ED0}"
EndProject
Project("{FAE04EC0-301F-11D3-BF4B-00C04F79EFBC}") = "ACONPS42SP", "Problems\2SP\ACONPS42SP\ACONPS42SP.csproj", "{40F39BBB-CB49-417E-B662-20F39BCAB6F1}"
EndProject
Project("{FAE04EC0-301F-11D3-BF4B-00C04F79EFBC}") = "SSNPS42SP", "Problems\2SP\SSNPS42SP\SSNPS42SP.csproj", "{B5CD16A8-C078-4D53-B46F-07E4CED58F0F}"
EndProject
Project("{FAE04EC0-301F-11D3-BF4B-00C04F79EFBC}") = "NPS2OptFirst42SP", "Problems\2SP\NPS2OptFirst42SP\NPS2OptFirst42SP.csproj", "{5EC8DC7C-2E7F-447E-9CD1-1DF4A39CB868}"
EndProject
Project("{FAE04EC0-301F-11D3-BF4B-00C04F79EFBC}") = "BL2OptFirst42SP", "Problems\2SP\BL2OptFirst42SP\BL2OptFirst42SP.csproj", "{F87FB820-E72B-4F24-BC03-C90AD816264A}"
EndProject
Project("{FAE04EC0-301F-11D3-BF4B-00C04F79EFBC}") = "BL2OptBest42SP", "Problems\2SP\BL2OptBest42SP\BL2OptBest42SP.csproj", "{1F019E86-654F-4B9A-A442-43F2D739A0B8}"
EndProject
Project("{FAE04EC0-301F-11D3-BF4B-00C04F79EFBC}") = "ACOBL42SP", "Problems\2SP\ACOBL42SP\ACOBL42SP.csproj", "{600ECBEB-0B2C-4E7A-A965-28FC28C66550}"
EndProject
Project("{FAE04EC0-301F-11D3-BF4B-00C04F79EFBC}") = "GABL42SP", "Problems\2SP\GABL42SP\GABL42SP.csproj", "{355DBB4A-20A4-4D74-AE1F-31E0A73D7F35}"
EndProject
Project("{FAE04EC0-301F-11D3-BF4B-00C04F79EFBC}") = "GABL2OptBest42SP", "Problems\2SP\GABL2OptBest42SP\GABL2OptBest42SP.csproj", "{2A723B4F-3E19-4E06-AAA2-E4A325B5E932}"
EndProject
Project("{FAE04EC0-301F-11D3-BF4B-00C04F79EFBC}") = "GABL2OptFirst42SP", "Problems\2SP\GABL2OptFirst42SP\GABL2OptFirst42SP.csproj", "{201271C3-E76C-4A8B-9BE5-0D2AB94BA54C}"
EndProject
Project("{FAE04EC0-301F-11D3-BF4B-00C04F79EFBC}") = "PSOBL42SP", "Problems\2SP\PSOBL42SP\PSOBL42SP.csproj", "{E594B32C-D443-422F-99B7-8D873EEE494C}"
EndProject
Project("{FAE04EC0-301F-11D3-BF4B-00C04F79EFBC}") = "PSOBL2OptBest42SP", "Problems\2SP\PSOBL2OptBest42SP\PSOBL2OptBest42SP.csproj", "{D3F5BDD9-BC4E-4F08-83FC-E7EE2F9B9FD2}"
EndProject
Project("{FAE04EC0-301F-11D3-BF4B-00C04F79EFBC}") = "PSOBL2OptFirst42SP", "Problems\2SP\PSOBL2OptFirst42SP\PSOBL2OptFirst42SP.csproj", "{C823299B-D916-426A-AC52-D7214D2652B8}"
EndProject
Project("{FAE04EC0-301F-11D3-BF4B-00C04F79EFBC}") = "SABL42SP", "Problems\2SP\SABL42SP\SABL42SP.csproj", "{631D3A3C-0085-4203-AAB1-42489F47D99F}"
EndProject
Project("{FAE04EC0-301F-11D3-BF4B-00C04F79EFBC}") = "UMDABL42SP", "Problems\2SP\UMDABL42SP\UMDABL42SP.csproj", "{AFD08309-92BD-49DF-A021-2389160FAF5B}"
EndProject
Project("{FAE04EC0-301F-11D3-BF4B-00C04F79EFBC}") = "UMDABL2OptBest42SP", "Problems\2SP\UMDABL2OptBest42SP\UMDABL2OptBest42SP.csproj", "{8EB28062-C501-434E-9482-3D0D570B148A}"
EndProject
Project("{FAE04EC0-301F-11D3-BF4B-00C04F79EFBC}") = "UMDABL2OptFirst42SP", "Problems\2SP\UMDABL2OptFirst42SP\UMDABL2OptFirst42SP.csproj", "{A504A3BB-325E-41B9-AE09-32240340596C}"
EndProject
Project("{FAE04EC0-301F-11D3-BF4B-00C04F79EFBC}") = "SSBL2OptFirst42SP", "Problems\2SP\SSBL2OptFirst42SP\SSBL2OptFirst42SP.csproj", "{F6EEF2F1-1497-473E-A259-F379EA528404}"
EndProject
Project("{FAE04EC0-301F-11D3-BF4B-00C04F79EFBC}") = "SSBL2OptBest42SP", "Problems\2SP\SSBL2OptBest42SP\SSBL2OptBest42SP.csproj", "{5A631425-3E16-4CCC-8583-2592F933FCEE}"
EndProject
Project("{FAE04EC0-301F-11D3-BF4B-00C04F79EFBC}") = "SSBL42SP", "Problems\2SP\SSBL42SP\SSBL42SP.csproj", "{F783DFDB-28D9-4B76-9BC9-F013903CEC6F}"
EndProject
Project("{FAE04EC0-301F-11D3-BF4B-00C04F79EFBC}") = "TSBL42SP", "Problems\2SP\TSBL42SP\TSBL42SP.csproj", "{71C70C39-B154-4B0E-9E45-480C63520E48}"
EndProject
Project("{2150E333-8FDC-42A3-9474-1A3956D46DE8}") = "QAP", "QAP", "{04E204F4-DDDD-478B-96A6-C773389DBD97}"
EndProject
Project("{FAE04EC0-301F-11D3-BF4B-00C04F79EFBC}") = "GA2OptBest4QAP", "Problems\QAP\GA2OptBest4QAP\GA2OptBest4QAP.csproj", "{5004B489-62D1-4964-A9A8-C141C9C6A5FB}"
EndProject
Project("{FAE04EC0-301F-11D3-BF4B-00C04F79EFBC}") = "GA2OptFirst4QAP", "Problems\QAP\GA2OptFirst4QAP\GA2OptFirst4QAP.csproj", "{F22B778E-648D-457F-9D40-4A99D2510B7A}"
EndProject
Project("{FAE04EC0-301F-11D3-BF4B-00C04F79EFBC}") = "GA4QAP", "Problems\QAP\GA4QAP\GA4QAP.csproj", "{3B269FC5-095D-4897-8CCB-FE2581A575CD}"
EndProject
Project("{FAE04EC0-301F-11D3-BF4B-00C04F79EFBC}") = "GRASP2OptBest4QAP", "Problems\QAP\GRASP2OptBest4QAP\GRASP2OptBest4QAP.csproj", "{C3849A7C-D487-468B-9490-8B5FD52AAA84}"
EndProject
Project("{FAE04EC0-301F-11D3-BF4B-00C04F79EFBC}") = "GRASP2OptFirst4QAP", "Problems\QAP\GRASP2OptFirst4QAP\GRASP2OptFirst4QAP.csproj", "{C9DCE13B-7251-4CEE-8A5D-08F480FAEC06}"
EndProject
Project("{FAE04EC0-301F-11D3-BF4B-00C04F79EFBC}") = "UMDA2OptBest4QAP", "Problems\QAP\UMDA2OptBest4QAP\UMDA2OptBest4QAP.csproj", "{D046BDE9-5B53-4080-BF5B-12537700100A}"
EndProject
Project("{FAE04EC0-301F-11D3-BF4B-00C04F79EFBC}") = "UMDA2OptFirst4QAP", "Problems\QAP\UMDA2OptFirst4QAP\UMDA2OptFirst4QAP.csproj", "{13C4A8C5-928B-464D-8620-1112F795D645}"
EndProject
Project("{FAE04EC0-301F-11D3-BF4B-00C04F79EFBC}") = "UMDA4QAP", "Problems\QAP\UMDA4QAP\UMDA4QAP.csproj", "{996DAABA-52E8-4A6A-AE45-4A8A21AE50FD}"
EndProject
Project("{FAE04EC0-301F-11D3-BF4B-00C04F79EFBC}") = "SA4QAP", "Problems\QAP\SA4QAP\SA4QAP.csproj", "{D0D3F464-1F48-478C-A2A1-DE10FE22686A}"
EndProject
Project("{FAE04EC0-301F-11D3-BF4B-00C04F79EFBC}") = "PSO4QAP", "Problems\QAP\PSO4QAP\PSO4QAP.csproj", "{DF3531BE-CD46-4FA6-BEEF-1A57FB97523A}"
EndProject
Project("{FAE04EC0-301F-11D3-BF4B-00C04F79EFBC}") = "TS4QAP", "Problems\QAP\TS4QAP\TS4QAP.csproj", "{9A3E3030-3953-420A-B152-01819A8E7A0C}"
EndProject
Project("{FAE04EC0-301F-11D3-BF4B-00C04F79EFBC}") = "ACO4QAP", "Problems\QAP\ACO4QAP\ACO4QAP.csproj", "{28EA078A-E442-4011-89EC-2CC91C32A3BB}"
EndProject
Project("{FAE04EC0-301F-11D3-BF4B-00C04F79EFBC}") = "PSO2OptBest4QAP", "Problems\QAP\PSO2OptBest4QAP\PSO2OptBest4QAP.csproj", "{83745B16-A6F6-4E5D-B508-356A5E0F93A8}"
EndProject
Project("{FAE04EC0-301F-11D3-BF4B-00C04F79EFBC}") = "PSO2OptFirst4QAP", "Problems\QAP\PSO2OptFirst4QAP\PSO2OptFirst4QAP.csproj", "{36A251E8-E284-43CC-BC60-CA7EBE509346}"
EndProject
Project("{FAE04EC0-301F-11D3-BF4B-00C04F79EFBC}") = "SS4QAP", "Problems\QAP\SS4QAP\SS4QAP.csproj", "{DFC8A759-B4BD-4C80-ADF3-BC0F056CF91C}"
EndProject
Project("{FAE04EC0-301F-11D3-BF4B-00C04F79EFBC}") = "2OptBest4QAP", "Problems\QAP\2OptBest4QAP\2OptBest4QAP.csproj", "{54BC93A0-8865-4C93-A4DF-E393D565E431}"
EndProject
Project("{FAE04EC0-301F-11D3-BF4B-00C04F79EFBC}") = "2OptFirst4QAP", "Problems\QAP\2OptFirst4QAP\2OptFirst4QAP.csproj", "{96973FF6-D706-4B64-888E-F75A32EA506D}"
EndProject
Project("{FAE04EC0-301F-11D3-BF4B-00C04F79EFBC}") = "SS2OptFirst4QAP", "Problems\QAP\SS2OptFirst4QAP\SS2OptFirst4QAP.csproj", "{A2B08BF2-804C-47CE-B662-14DBA1362B31}"
EndProject
Project("{FAE04EC0-301F-11D3-BF4B-00C04F79EFBC}") = "SS2OptBest4QAP", "Problems\QAP\SS2OptBest4QAP\SS2OptBest4QAP.csproj", "{C0E352F6-A472-45A7-A43D-561BBF1C49D8}"
EndProject
Project("{2150E333-8FDC-42A3-9474-1A3956D46DE8}") = "SPP", "SPP", "{B9382948-0579-4904-ACBF-CDCC221F003A}"
EndProject
Project("{FAE04EC0-301F-11D3-BF4B-00C04F79EFBC}") = "GA2OptBest4SPP", "Problems\SPP\GA2OptBest4SPP\GA2OptBest4SPP.csproj", "{0E9D32E6-2C53-41D4-85CD-0C5A00136BF2}"
EndProject
Project("{FAE04EC0-301F-11D3-BF4B-00C04F79EFBC}") = "GA2OptFirst4SPP", "Problems\SPP\GA2OptFirst4SPP\GA2OptFirst4SPP.csproj", "{EB74C46A-BE02-4A09-ADFD-0F34EEC7D1AE}"
EndProject
Project("{FAE04EC0-301F-11D3-BF4B-00C04F79EFBC}") = "GA4SPP", "Problems\SPP\GA4SPP\GA4SPP.csproj", "{F505EA66-2450-4167-AD8F-4C6BE9425B10}"
EndProject
Project("{FAE04EC0-301F-11D3-BF4B-00C04F79EFBC}") = "GRASP2OptBest4SPP", "Problems\SPP\GRASP2OptBest4SPP\GRASP2OptBest4SPP.csproj", "{8FD51241-F5B8-423E-9F0C-9F3E050B6F93}"
EndProject
Project("{FAE04EC0-301F-11D3-BF4B-00C04F79EFBC}") = "GRASP2OptFirst4SPP", "Problems\SPP\GRASP2OptFirst4SPP\GRASP2OptFirst4SPP.csproj", "{85909D54-6F7B-4654-B8A5-FB51148B3413}"
EndProject
Project("{FAE04EC0-301F-11D3-BF4B-00C04F79EFBC}") = "UMDA2OptBest4SPP", "Problems\SPP\UMDA2OptBest4SPP\UMDA2OptBest4SPP.csproj", "{93195036-15E3-4549-B427-5C911EE071B4}"
EndProject
Project("{FAE04EC0-301F-11D3-BF4B-00C04F79EFBC}") = "UMDA2OptFirst4SPP", "Problems\SPP\UMDA2OptFirst4SPP\UMDA2OptFirst4SPP.csproj", "{91E9E90B-8999-4B69-96C2-1AD4762F0CB3}"
EndProject
Project("{FAE04EC0-301F-11D3-BF4B-00C04F79EFBC}") = "UMDA4SPP", "Problems\SPP\UMDA4SPP\UMDA4SPP.csproj", "{987986E7-1AF1-469E-9910-95353754BD03}"
EndProject
Project("{FAE04EC0-301F-11D3-BF4B-00C04F79EFBC}") = "SA4SPP", "Problems\SPP\SA4SPP\SA4SPP.csproj", "{CAD08B26-00CD-4C74-A92B-B4CC74E4F8AF}"
EndProject
Project("{FAE04EC0-301F-11D3-BF4B-00C04F79EFBC}") = "TS4SPP", "Problems\SPP\TS4SPP\TS4SPP.csproj", "{1EB0C7CA-FCB2-437F-8FC9-2BABB532D9EE}"
EndProject
Project("{FAE04EC0-301F-11D3-BF4B-00C04F79EFBC}") = "ACO4SPP", "Problems\SPP\ACO4SPP\ACO4SPP.csproj", "{F64C6BE8-A925-4D42-BE60-6E094511F584}"
EndProject
Project("{FAE04EC0-301F-11D3-BF4B-00C04F79EFBC}") = "SS4SPP", "Problems\SPP\SS4SPP\SS4SPP.csproj", "{E84FAE46-BF5D-4D6D-B5FD-E9EAF72C1EF8}"
EndProject
Project("{FAE04EC0-301F-11D3-BF4B-00C04F79EFBC}") = "2OptFirst4SPP", "Problems\SPP\2OptFirst4SPP\2OptFirst4SPP.csproj", "{8B935086-7AF9-4FF9-BB96-4D2BBB2EAD2F}"
EndProject
Project("{FAE04EC0-301F-11D3-BF4B-00C04F79EFBC}") = "2OptBest4SPP", "Problems\SPP\2OptBest4SPP\2OptBest4SPP.csproj", "{4A6E2314-A541-4E61-AABC-CD4A02B0C63A}"
EndProject
Project("{FAE04EC0-301F-11D3-BF4B-00C04F79EFBC}") = "SS2OptFirst4SPP", "Problems\SPP\SS2OptFirst4SPP\SS2OptFirst4SPP.csproj", "{28E2051B-84B0-4C12-A7DB-43677CD17D8F}"
EndProject
Project("{FAE04EC0-301F-11D3-BF4B-00C04F79EFBC}") = "SS2OptBest4SPP", "Problems\SPP\SS2OptBest4SPP\SS2OptBest4SPP.csproj", "{D54AB3B5-47A6-4A17-9CA8-BA89425880E4}"
EndProject
Project("{2150E333-8FDC-42A3-9474-1A3956D46DE8}") = "TSP", "TSP", "{5C02854E-D520-43F3-9C24-D8E16BA6405E}"
EndProject
Project("{FAE04EC0-301F-11D3-BF4B-00C04F79EFBC}") = "GA2OptBest4TSP", "Problems\TSP\GA2OptBest4TSP\GA2OptBest4TSP.csproj", "{ECCBA484-5526-48E9-AEBC-2749C2C013AA}"
EndProject
Project("{FAE04EC0-301F-11D3-BF4B-00C04F79EFBC}") = "GA2OptFirst4TSP", "Problems\TSP\GA2OptFirst4TSP\GA2OptFirst4TSP.csproj", "{D3319F9B-407B-4910-8417-FB86F822EA03}"
EndProject
Project("{FAE04EC0-301F-11D3-BF4B-00C04F79EFBC}") = "GA4TSP", "Problems\TSP\GA4TSP\GA4TSP.csproj", "{7F8A5A1E-F5C2-469A-AA46-0E08930CF4EF}"
EndProject
Project("{FAE04EC0-301F-11D3-BF4B-00C04F79EFBC}") = "GRASP2OptBest4TSP", "Problems\TSP\GRASP2OptBest4TSP\GRASP2OptBest4TSP.csproj", "{65D17E7E-C0FA-4CBA-97B3-B32416BBE4F5}"
EndProject
Project("{FAE04EC0-301F-11D3-BF4B-00C04F79EFBC}") = "GRASP2OptFirst4TSP", "Problems\TSP\GRASP2OptFirst4TSP\GRASP2OptFirst4TSP.csproj", "{3420DDC7-6D6F-4D88-9095-3181361C325B}"
EndProject
Project("{FAE04EC0-301F-11D3-BF4B-00C04F79EFBC}") = "UMDA2OptBest4TSP", "Problems\TSP\UMDA2OptBest4TSP\UMDA2OptBest4TSP.csproj", "{BC7E79ED-602F-4A92-8B5B-D8912C10CA8C}"
EndProject
Project("{FAE04EC0-301F-11D3-BF4B-00C04F79EFBC}") = "UMDA2OptFirst4TSP", "Problems\TSP\UMDA2OptFirst4TSP\UMDA2OptFirst4TSP.csproj", "{6DB55593-ED82-45AB-8213-2ADF3791FAAB}"
EndProject
Project("{FAE04EC0-301F-11D3-BF4B-00C04F79EFBC}") = "UMDA4TSP", "Problems\TSP\UMDA4TSP\UMDA4TSP.csproj", "{28D86552-5EA6-4F82-8812-3BBA2FEA15D7}"
EndProject
Project("{FAE04EC0-301F-11D3-BF4B-00C04F79EFBC}") = "SA4TSP", "Problems\TSP\SA4TSP\SA4TSP.csproj", "{09A43B72-0AB1-4C7D-BA1B-608F5B62A989}"
EndProject
Project("{FAE04EC0-301F-11D3-BF4B-00C04F79EFBC}") = "PSO4TSP", "Problems\TSP\PSO4TSP\PSO4TSP.csproj", "{57044B23-620E-4AAD-BF94-CEB43D6031B9}"
EndProject
Project("{FAE04EC0-301F-11D3-BF4B-00C04F79EFBC}") = "TS4TSP", "Problems\TSP\TS4TSP\TS4TSP.csproj", "{2E7E6DB1-10DF-40BD-9B93-9E6ABE0657B5}"
EndProject
Project("{FAE04EC0-301F-11D3-BF4B-00C04F79EFBC}") = "ACO4TSP", "Problems\TSP\ACO4TSP\ACO4TSP.csproj", "{83AB0F68-98EE-44AA-8A0C-DE3DCAFA9A4A}"
EndProject
Project("{FAE04EC0-301F-11D3-BF4B-00C04F79EFBC}") = "PSO2OptFirst4TSP", "Problems\TSP\PSO2OptFirst4TSP\PSO2OptFirst4TSP.csproj", "{B0E1644D-D248-4753-A052-BF6DEE526B73}"
EndProject
Project("{FAE04EC0-301F-11D3-BF4B-00C04F79EFBC}") = "PSO2OptBest4TSP", "Problems\TSP\PSO2OptBest4TSP\PSO2OptBest4TSP.csproj", "{9214FCD6-40C4-49E1-AF06-D58595D44AE3}"
EndProject
Project("{FAE04EC0-301F-11D3-BF4B-00C04F79EFBC}") = "SS4TSP", "Problems\TSP\SS4TSP\SS4TSP.csproj", "{12DA6195-B58F-4FC7-8ADB-1209D5E63C00}"
EndProject
Project("{FAE04EC0-301F-11D3-BF4B-00C04F79EFBC}") = "2OptFirst4TSP", "Problems\TSP\2OptFirst4TSP\2OptFirst4TSP.csproj", "{71A9EA8E-F097-4212-9EF1-10F4FF7F992C}"
EndProject
Project("{FAE04EC0-301F-11D3-BF4B-00C04F79EFBC}") = "2OptBest4TSP", "Problems\TSP\2OptBest4TSP\2OptBest4TSP.csproj", "{9FDF8936-C91B-4905-A3BF-99A8610ABDAE}"
EndProject
Project("{FAE04EC0-301F-11D3-BF4B-00C04F79EFBC}") = "SS2OptBest4TSP", "Problems\TSP\SS2OptBest4TSP\SS2OptBest4TSP.csproj", "{59F226EB-16C1-448C-8D6D-EE8D17AE90E4}"
EndProject
Project("{FAE04EC0-301F-11D3-BF4B-00C04F79EFBC}") = "SS2OptFirst4TSP", "Problems\TSP\SS2OptFirst4TSP\SS2OptFirst4TSP.csproj", "{81BDF85E-B59D-4429-917A-5D36CC042809}"
EndProject
Project("{FAE04EC0-301F-11D3-BF4B-00C04F79EFBC}") = "Common", "Common\Common.csproj", "{4630C8D3-67C9-443D-89C4-F11A2CCEC50C}"
EndProject
Project("{FAE04EC0-301F-11D3-BF4B-00C04F79EFBC}") = "Test", "Test\Test.csproj", "{E06C3E27-AFA5-46B4-9239-387DC7CE88AB}"
EndProject
Project("{FAE04EC0-301F-11D3-BF4B-00C04F79EFBC}") = "Tune", "Tune\Tune.csproj", "{3E40AD8D-96D7-424F-BD48-CF6C4599B27A}"
EndProject
Global
	GlobalSection(SolutionConfigurationPlatforms) = preSolution
		Debug|Any CPU = Debug|Any CPU
		Release|Any CPU = Release|Any CPU
	EndGlobalSection
	GlobalSection(ProjectConfigurationPlatforms) = postSolution
		{09A43B72-0AB1-4C7D-BA1B-608F5B62A989}.Debug|Any CPU.ActiveCfg = Debug|Any CPU
		{09A43B72-0AB1-4C7D-BA1B-608F5B62A989}.Debug|Any CPU.Build.0 = Debug|Any CPU
		{09A43B72-0AB1-4C7D-BA1B-608F5B62A989}.Release|Any CPU.ActiveCfg = Release|Any CPU
		{09A43B72-0AB1-4C7D-BA1B-608F5B62A989}.Release|Any CPU.Build.0 = Release|Any CPU
		{0E9D32E6-2C53-41D4-85CD-0C5A00136BF2}.Debug|Any CPU.ActiveCfg = Debug|Any CPU
		{0E9D32E6-2C53-41D4-85CD-0C5A00136BF2}.Debug|Any CPU.Build.0 = Debug|Any CPU
		{0E9D32E6-2C53-41D4-85CD-0C5A00136BF2}.Release|Any CPU.ActiveCfg = Release|Any CPU
		{0E9D32E6-2C53-41D4-85CD-0C5A00136BF2}.Release|Any CPU.Build.0 = Release|Any CPU
		{12DA6195-B58F-4FC7-8ADB-1209D5E63C00}.Debug|Any CPU.ActiveCfg = Debug|Any CPU
		{12DA6195-B58F-4FC7-8ADB-1209D5E63C00}.Debug|Any CPU.Build.0 = Debug|Any CPU
		{12DA6195-B58F-4FC7-8ADB-1209D5E63C00}.Release|Any CPU.ActiveCfg = Release|Any CPU
		{12DA6195-B58F-4FC7-8ADB-1209D5E63C00}.Release|Any CPU.Build.0 = Release|Any CPU
		{13C4A8C5-928B-464D-8620-1112F795D645}.Debug|Any CPU.ActiveCfg = Debug|Any CPU
		{13C4A8C5-928B-464D-8620-1112F795D645}.Debug|Any CPU.Build.0 = Debug|Any CPU
		{13C4A8C5-928B-464D-8620-1112F795D645}.Release|Any CPU.ActiveCfg = Release|Any CPU
		{13C4A8C5-928B-464D-8620-1112F795D645}.Release|Any CPU.Build.0 = Release|Any CPU
		{1EB0C7CA-FCB2-437F-8FC9-2BABB532D9EE}.Debug|Any CPU.ActiveCfg = Debug|Any CPU
		{1EB0C7CA-FCB2-437F-8FC9-2BABB532D9EE}.Debug|Any CPU.Build.0 = Debug|Any CPU
		{1EB0C7CA-FCB2-437F-8FC9-2BABB532D9EE}.Release|Any CPU.ActiveCfg = Release|Any CPU
		{1EB0C7CA-FCB2-437F-8FC9-2BABB532D9EE}.Release|Any CPU.Build.0 = Release|Any CPU
		{1F019E86-654F-4B9A-A442-43F2D739A0B8}.Debug|Any CPU.ActiveCfg = Debug|Any CPU
		{1F019E86-654F-4B9A-A442-43F2D739A0B8}.Debug|Any CPU.Build.0 = Debug|Any CPU
		{1F019E86-654F-4B9A-A442-43F2D739A0B8}.Release|Any CPU.ActiveCfg = Release|Any CPU
		{1F019E86-654F-4B9A-A442-43F2D739A0B8}.Release|Any CPU.Build.0 = Release|Any CPU
		{201271C3-E76C-4A8B-9BE5-0D2AB94BA54C}.Debug|Any CPU.ActiveCfg = Debug|Any CPU
		{201271C3-E76C-4A8B-9BE5-0D2AB94BA54C}.Debug|Any CPU.Build.0 = Debug|Any CPU
		{201271C3-E76C-4A8B-9BE5-0D2AB94BA54C}.Release|Any CPU.ActiveCfg = Release|Any CPU
		{201271C3-E76C-4A8B-9BE5-0D2AB94BA54C}.Release|Any CPU.Build.0 = Release|Any CPU
		{28D86552-5EA6-4F82-8812-3BBA2FEA15D7}.Debug|Any CPU.ActiveCfg = Debug|Any CPU
		{28D86552-5EA6-4F82-8812-3BBA2FEA15D7}.Debug|Any CPU.Build.0 = Debug|Any CPU
		{28D86552-5EA6-4F82-8812-3BBA2FEA15D7}.Release|Any CPU.ActiveCfg = Release|Any CPU
		{28D86552-5EA6-4F82-8812-3BBA2FEA15D7}.Release|Any CPU.Build.0 = Release|Any CPU
		{28E2051B-84B0-4C12-A7DB-43677CD17D8F}.Debug|Any CPU.ActiveCfg = Debug|Any CPU
		{28E2051B-84B0-4C12-A7DB-43677CD17D8F}.Debug|Any CPU.Build.0 = Debug|Any CPU
		{28E2051B-84B0-4C12-A7DB-43677CD17D8F}.Release|Any CPU.ActiveCfg = Release|Any CPU
		{28E2051B-84B0-4C12-A7DB-43677CD17D8F}.Release|Any CPU.Build.0 = Release|Any CPU
		{28EA078A-E442-4011-89EC-2CC91C32A3BB}.Debug|Any CPU.ActiveCfg = Debug|Any CPU
		{28EA078A-E442-4011-89EC-2CC91C32A3BB}.Debug|Any CPU.Build.0 = Debug|Any CPU
		{28EA078A-E442-4011-89EC-2CC91C32A3BB}.Release|Any CPU.ActiveCfg = Release|Any CPU
		{28EA078A-E442-4011-89EC-2CC91C32A3BB}.Release|Any CPU.Build.0 = Release|Any CPU
		{2A723B4F-3E19-4E06-AAA2-E4A325B5E932}.Debug|Any CPU.ActiveCfg = Debug|Any CPU
		{2A723B4F-3E19-4E06-AAA2-E4A325B5E932}.Debug|Any CPU.Build.0 = Debug|Any CPU
		{2A723B4F-3E19-4E06-AAA2-E4A325B5E932}.Release|Any CPU.ActiveCfg = Release|Any CPU
		{2A723B4F-3E19-4E06-AAA2-E4A325B5E932}.Release|Any CPU.Build.0 = Release|Any CPU
		{2E7E6DB1-10DF-40BD-9B93-9E6ABE0657B5}.Debug|Any CPU.ActiveCfg = Debug|Any CPU
		{2E7E6DB1-10DF-40BD-9B93-9E6ABE0657B5}.Debug|Any CPU.Build.0 = Debug|Any CPU
		{2E7E6DB1-10DF-40BD-9B93-9E6ABE0657B5}.Release|Any CPU.ActiveCfg = Release|Any CPU
		{2E7E6DB1-10DF-40BD-9B93-9E6ABE0657B5}.Release|Any CPU.Build.0 = Release|Any CPU
		{3420DDC7-6D6F-4D88-9095-3181361C325B}.Debug|Any CPU.ActiveCfg = Debug|Any CPU
		{3420DDC7-6D6F-4D88-9095-3181361C325B}.Debug|Any CPU.Build.0 = Debug|Any CPU
		{3420DDC7-6D6F-4D88-9095-3181361C325B}.Release|Any CPU.ActiveCfg = Release|Any CPU
		{3420DDC7-6D6F-4D88-9095-3181361C325B}.Release|Any CPU.Build.0 = Release|Any CPU
		{355DBB4A-20A4-4D74-AE1F-31E0A73D7F35}.Debug|Any CPU.ActiveCfg = Debug|Any CPU
		{355DBB4A-20A4-4D74-AE1F-31E0A73D7F35}.Debug|Any CPU.Build.0 = Debug|Any CPU
		{355DBB4A-20A4-4D74-AE1F-31E0A73D7F35}.Release|Any CPU.ActiveCfg = Release|Any CPU
		{355DBB4A-20A4-4D74-AE1F-31E0A73D7F35}.Release|Any CPU.Build.0 = Release|Any CPU
		{36A251E8-E284-43CC-BC60-CA7EBE509346}.Debug|Any CPU.ActiveCfg = Debug|Any CPU
		{36A251E8-E284-43CC-BC60-CA7EBE509346}.Debug|Any CPU.Build.0 = Debug|Any CPU
		{36A251E8-E284-43CC-BC60-CA7EBE509346}.Release|Any CPU.ActiveCfg = Release|Any CPU
		{36A251E8-E284-43CC-BC60-CA7EBE509346}.Release|Any CPU.Build.0 = Release|Any CPU
		{3B269FC5-095D-4897-8CCB-FE2581A575CD}.Debug|Any CPU.ActiveCfg = Debug|Any CPU
		{3B269FC5-095D-4897-8CCB-FE2581A575CD}.Debug|Any CPU.Build.0 = Debug|Any CPU
		{3B269FC5-095D-4897-8CCB-FE2581A575CD}.Release|Any CPU.ActiveCfg = Release|Any CPU
		{3B269FC5-095D-4897-8CCB-FE2581A575CD}.Release|Any CPU.Build.0 = Release|Any CPU
		{3E40AD8D-96D7-424F-BD48-CF6C4599B27A}.Debug|Any CPU.ActiveCfg = Debug|Any CPU
		{3E40AD8D-96D7-424F-BD48-CF6C4599B27A}.Debug|Any CPU.Build.0 = Debug|Any CPU
		{3E40AD8D-96D7-424F-BD48-CF6C4599B27A}.Release|Any CPU.ActiveCfg = Release|Any CPU
		{3E40AD8D-96D7-424F-BD48-CF6C4599B27A}.Release|Any CPU.Build.0 = Release|Any CPU
		{40F39BBB-CB49-417E-B662-20F39BCAB6F1}.Debug|Any CPU.ActiveCfg = Debug|Any CPU
		{40F39BBB-CB49-417E-B662-20F39BCAB6F1}.Debug|Any CPU.Build.0 = Debug|Any CPU
		{40F39BBB-CB49-417E-B662-20F39BCAB6F1}.Release|Any CPU.ActiveCfg = Release|Any CPU
		{40F39BBB-CB49-417E-B662-20F39BCAB6F1}.Release|Any CPU.Build.0 = Release|Any CPU
		{4630C8D3-67C9-443D-89C4-F11A2CCEC50C}.Debug|Any CPU.ActiveCfg = Debug|Any CPU
		{4630C8D3-67C9-443D-89C4-F11A2CCEC50C}.Debug|Any CPU.Build.0 = Debug|Any CPU
		{4630C8D3-67C9-443D-89C4-F11A2CCEC50C}.Release|Any CPU.ActiveCfg = Release|Any CPU
		{4630C8D3-67C9-443D-89C4-F11A2CCEC50C}.Release|Any CPU.Build.0 = Release|Any CPU
		{4A6E2314-A541-4E61-AABC-CD4A02B0C63A}.Debug|Any CPU.ActiveCfg = Debug|Any CPU
		{4A6E2314-A541-4E61-AABC-CD4A02B0C63A}.Debug|Any CPU.Build.0 = Debug|Any CPU
		{4A6E2314-A541-4E61-AABC-CD4A02B0C63A}.Release|Any CPU.ActiveCfg = Release|Any CPU
		{4A6E2314-A541-4E61-AABC-CD4A02B0C63A}.Release|Any CPU.Build.0 = Release|Any CPU
		{5004B489-62D1-4964-A9A8-C141C9C6A5FB}.Debug|Any CPU.ActiveCfg = Debug|Any CPU
		{5004B489-62D1-4964-A9A8-C141C9C6A5FB}.Debug|Any CPU.Build.0 = Debug|Any CPU
		{5004B489-62D1-4964-A9A8-C141C9C6A5FB}.Release|Any CPU.ActiveCfg = Release|Any CPU
		{5004B489-62D1-4964-A9A8-C141C9C6A5FB}.Release|Any CPU.Build.0 = Release|Any CPU
		{54BC93A0-8865-4C93-A4DF-E393D565E431}.Debug|Any CPU.ActiveCfg = Debug|Any CPU
		{54BC93A0-8865-4C93-A4DF-E393D565E431}.Debug|Any CPU.Build.0 = Debug|Any CPU
		{54BC93A0-8865-4C93-A4DF-E393D565E431}.Release|Any CPU.ActiveCfg = Release|Any CPU
		{54BC93A0-8865-4C93-A4DF-E393D565E431}.Release|Any CPU.Build.0 = Release|Any CPU
		{57044B23-620E-4AAD-BF94-CEB43D6031B9}.Debug|Any CPU.ActiveCfg = Debug|Any CPU
		{57044B23-620E-4AAD-BF94-CEB43D6031B9}.Debug|Any CPU.Build.0 = Debug|Any CPU
		{57044B23-620E-4AAD-BF94-CEB43D6031B9}.Release|Any CPU.ActiveCfg = Release|Any CPU
		{57044B23-620E-4AAD-BF94-CEB43D6031B9}.Release|Any CPU.Build.0 = Release|Any CPU
		{59F226EB-16C1-448C-8D6D-EE8D17AE90E4}.Debug|Any CPU.ActiveCfg = Debug|Any CPU
		{59F226EB-16C1-448C-8D6D-EE8D17AE90E4}.Debug|Any CPU.Build.0 = Debug|Any CPU
		{59F226EB-16C1-448C-8D6D-EE8D17AE90E4}.Release|Any CPU.ActiveCfg = Release|Any CPU
		{59F226EB-16C1-448C-8D6D-EE8D17AE90E4}.Release|Any CPU.Build.0 = Release|Any CPU
		{5A631425-3E16-4CCC-8583-2592F933FCEE}.Debug|Any CPU.ActiveCfg = Debug|Any CPU
		{5A631425-3E16-4CCC-8583-2592F933FCEE}.Debug|Any CPU.Build.0 = Debug|Any CPU
		{5A631425-3E16-4CCC-8583-2592F933FCEE}.Release|Any CPU.ActiveCfg = Release|Any CPU
		{5A631425-3E16-4CCC-8583-2592F933FCEE}.Release|Any CPU.Build.0 = Release|Any CPU
		{5D8C7CF3-A94C-451C-99FC-C1C1E7CF2ED0}.Debug|Any CPU.ActiveCfg = Debug|Any CPU
		{5D8C7CF3-A94C-451C-99FC-C1C1E7CF2ED0}.Debug|Any CPU.Build.0 = Debug|Any CPU
		{5D8C7CF3-A94C-451C-99FC-C1C1E7CF2ED0}.Release|Any CPU.ActiveCfg = Release|Any CPU
		{5D8C7CF3-A94C-451C-99FC-C1C1E7CF2ED0}.Release|Any CPU.Build.0 = Release|Any CPU
		{5EC8DC7C-2E7F-447E-9CD1-1DF4A39CB868}.Debug|Any CPU.ActiveCfg = Debug|Any CPU
		{5EC8DC7C-2E7F-447E-9CD1-1DF4A39CB868}.Debug|Any CPU.Build.0 = Debug|Any CPU
		{5EC8DC7C-2E7F-447E-9CD1-1DF4A39CB868}.Release|Any CPU.ActiveCfg = Release|Any CPU
		{5EC8DC7C-2E7F-447E-9CD1-1DF4A39CB868}.Release|Any CPU.Build.0 = Release|Any CPU
		{600ECBEB-0B2C-4E7A-A965-28FC28C66550}.Debug|Any CPU.ActiveCfg = Debug|Any CPU
		{600ECBEB-0B2C-4E7A-A965-28FC28C66550}.Debug|Any CPU.Build.0 = Debug|Any CPU
		{600ECBEB-0B2C-4E7A-A965-28FC28C66550}.Release|Any CPU.ActiveCfg = Release|Any CPU
		{600ECBEB-0B2C-4E7A-A965-28FC28C66550}.Release|Any CPU.Build.0 = Release|Any CPU
		{631D3A3C-0085-4203-AAB1-42489F47D99F}.Debug|Any CPU.ActiveCfg = Debug|Any CPU
		{631D3A3C-0085-4203-AAB1-42489F47D99F}.Debug|Any CPU.Build.0 = Debug|Any CPU
		{631D3A3C-0085-4203-AAB1-42489F47D99F}.Release|Any CPU.ActiveCfg = Release|Any CPU
		{631D3A3C-0085-4203-AAB1-42489F47D99F}.Release|Any CPU.Build.0 = Release|Any CPU
		{65D17E7E-C0FA-4CBA-97B3-B32416BBE4F5}.Debug|Any CPU.ActiveCfg = Debug|Any CPU
		{65D17E7E-C0FA-4CBA-97B3-B32416BBE4F5}.Debug|Any CPU.Build.0 = Debug|Any CPU
		{65D17E7E-C0FA-4CBA-97B3-B32416BBE4F5}.Release|Any CPU.ActiveCfg = Release|Any CPU
		{65D17E7E-C0FA-4CBA-97B3-B32416BBE4F5}.Release|Any CPU.Build.0 = Release|Any CPU
		{6DB55593-ED82-45AB-8213-2ADF3791FAAB}.Debug|Any CPU.ActiveCfg = Debug|Any CPU
		{6DB55593-ED82-45AB-8213-2ADF3791FAAB}.Debug|Any CPU.Build.0 = Debug|Any CPU
		{6DB55593-ED82-45AB-8213-2ADF3791FAAB}.Release|Any CPU.ActiveCfg = Release|Any CPU
		{6DB55593-ED82-45AB-8213-2ADF3791FAAB}.Release|Any CPU.Build.0 = Release|Any CPU
		{71A9EA8E-F097-4212-9EF1-10F4FF7F992C}.Debug|Any CPU.ActiveCfg = Debug|Any CPU
		{71A9EA8E-F097-4212-9EF1-10F4FF7F992C}.Debug|Any CPU.Build.0 = Debug|Any CPU
		{71A9EA8E-F097-4212-9EF1-10F4FF7F992C}.Release|Any CPU.ActiveCfg = Release|Any CPU
		{71A9EA8E-F097-4212-9EF1-10F4FF7F992C}.Release|Any CPU.Build.0 = Release|Any CPU
		{71C70C39-B154-4B0E-9E45-480C63520E48}.Debug|Any CPU.ActiveCfg = Debug|Any CPU
		{71C70C39-B154-4B0E-9E45-480C63520E48}.Debug|Any CPU.Build.0 = Debug|Any CPU
		{71C70C39-B154-4B0E-9E45-480C63520E48}.Release|Any CPU.ActiveCfg = Release|Any CPU
		{71C70C39-B154-4B0E-9E45-480C63520E48}.Release|Any CPU.Build.0 = Release|Any CPU
		{7F8A5A1E-F5C2-469A-AA46-0E08930CF4EF}.Debug|Any CPU.ActiveCfg = Debug|Any CPU
		{7F8A5A1E-F5C2-469A-AA46-0E08930CF4EF}.Debug|Any CPU.Build.0 = Debug|Any CPU
		{7F8A5A1E-F5C2-469A-AA46-0E08930CF4EF}.Release|Any CPU.ActiveCfg = Release|Any CPU
		{7F8A5A1E-F5C2-469A-AA46-0E08930CF4EF}.Release|Any CPU.Build.0 = Release|Any CPU
		{81BDF85E-B59D-4429-917A-5D36CC042809}.Debug|Any CPU.ActiveCfg = Debug|Any CPU
		{81BDF85E-B59D-4429-917A-5D36CC042809}.Debug|Any CPU.Build.0 = Debug|Any CPU
		{81BDF85E-B59D-4429-917A-5D36CC042809}.Release|Any CPU.ActiveCfg = Release|Any CPU
		{81BDF85E-B59D-4429-917A-5D36CC042809}.Release|Any CPU.Build.0 = Release|Any CPU
		{83745B16-A6F6-4E5D-B508-356A5E0F93A8}.Debug|Any CPU.ActiveCfg = Debug|Any CPU
		{83745B16-A6F6-4E5D-B508-356A5E0F93A8}.Debug|Any CPU.Build.0 = Debug|Any CPU
		{83745B16-A6F6-4E5D-B508-356A5E0F93A8}.Release|Any CPU.ActiveCfg = Release|Any CPU
		{83745B16-A6F6-4E5D-B508-356A5E0F93A8}.Release|Any CPU.Build.0 = Release|Any CPU
		{83AB0F68-98EE-44AA-8A0C-DE3DCAFA9A4A}.Debug|Any CPU.ActiveCfg = Debug|Any CPU
		{83AB0F68-98EE-44AA-8A0C-DE3DCAFA9A4A}.Debug|Any CPU.Build.0 = Debug|Any CPU
		{83AB0F68-98EE-44AA-8A0C-DE3DCAFA9A4A}.Release|Any CPU.ActiveCfg = Release|Any CPU
		{83AB0F68-98EE-44AA-8A0C-DE3DCAFA9A4A}.Release|Any CPU.Build.0 = Release|Any CPU
		{85909D54-6F7B-4654-B8A5-FB51148B3413}.Debug|Any CPU.ActiveCfg = Debug|Any CPU
		{85909D54-6F7B-4654-B8A5-FB51148B3413}.Debug|Any CPU.Build.0 = Debug|Any CPU
		{85909D54-6F7B-4654-B8A5-FB51148B3413}.Release|Any CPU.ActiveCfg = Release|Any CPU
		{85909D54-6F7B-4654-B8A5-FB51148B3413}.Release|Any CPU.Build.0 = Release|Any CPU
		{8B0EEB18-CAFE-436E-A3EE-90AE924DDB29}.Debug|Any CPU.ActiveCfg = Debug|Any CPU
		{8B0EEB18-CAFE-436E-A3EE-90AE924DDB29}.Debug|Any CPU.Build.0 = Debug|Any CPU
		{8B0EEB18-CAFE-436E-A3EE-90AE924DDB29}.Release|Any CPU.ActiveCfg = Release|Any CPU
		{8B0EEB18-CAFE-436E-A3EE-90AE924DDB29}.Release|Any CPU.Build.0 = Release|Any CPU
		{8B935086-7AF9-4FF9-BB96-4D2BBB2EAD2F}.Debug|Any CPU.ActiveCfg = Debug|Any CPU
		{8B935086-7AF9-4FF9-BB96-4D2BBB2EAD2F}.Debug|Any CPU.Build.0 = Debug|Any CPU
		{8B935086-7AF9-4FF9-BB96-4D2BBB2EAD2F}.Release|Any CPU.ActiveCfg = Release|Any CPU
		{8B935086-7AF9-4FF9-BB96-4D2BBB2EAD2F}.Release|Any CPU.Build.0 = Release|Any CPU
		{8EB28062-C501-434E-9482-3D0D570B148A}.Debug|Any CPU.ActiveCfg = Debug|Any CPU
		{8EB28062-C501-434E-9482-3D0D570B148A}.Debug|Any CPU.Build.0 = Debug|Any CPU
		{8EB28062-C501-434E-9482-3D0D570B148A}.Release|Any CPU.ActiveCfg = Release|Any CPU
		{8EB28062-C501-434E-9482-3D0D570B148A}.Release|Any CPU.Build.0 = Release|Any CPU
		{8FD51241-F5B8-423E-9F0C-9F3E050B6F93}.Debug|Any CPU.ActiveCfg = Debug|Any CPU
		{8FD51241-F5B8-423E-9F0C-9F3E050B6F93}.Debug|Any CPU.Build.0 = Debug|Any CPU
		{8FD51241-F5B8-423E-9F0C-9F3E050B6F93}.Release|Any CPU.ActiveCfg = Release|Any CPU
		{8FD51241-F5B8-423E-9F0C-9F3E050B6F93}.Release|Any CPU.Build.0 = Release|Any CPU
		{91E9E90B-8999-4B69-96C2-1AD4762F0CB3}.Debug|Any CPU.ActiveCfg = Debug|Any CPU
		{91E9E90B-8999-4B69-96C2-1AD4762F0CB3}.Debug|Any CPU.Build.0 = Debug|Any CPU
		{91E9E90B-8999-4B69-96C2-1AD4762F0CB3}.Release|Any CPU.ActiveCfg = Release|Any CPU
		{91E9E90B-8999-4B69-96C2-1AD4762F0CB3}.Release|Any CPU.Build.0 = Release|Any CPU
		{9214FCD6-40C4-49E1-AF06-D58595D44AE3}.Debug|Any CPU.ActiveCfg = Debug|Any CPU
		{9214FCD6-40C4-49E1-AF06-D58595D44AE3}.Debug|Any CPU.Build.0 = Debug|Any CPU
		{9214FCD6-40C4-49E1-AF06-D58595D44AE3}.Release|Any CPU.ActiveCfg = Release|Any CPU
		{9214FCD6-40C4-49E1-AF06-D58595D44AE3}.Release|Any CPU.Build.0 = Release|Any CPU
		{93195036-15E3-4549-B427-5C911EE071B4}.Debug|Any CPU.ActiveCfg = Debug|Any CPU
		{93195036-15E3-4549-B427-5C911EE071B4}.Debug|Any CPU.Build.0 = Debug|Any CPU
		{93195036-15E3-4549-B427-5C911EE071B4}.Release|Any CPU.ActiveCfg = Release|Any CPU
		{93195036-15E3-4549-B427-5C911EE071B4}.Release|Any CPU.Build.0 = Release|Any CPU
		{96973FF6-D706-4B64-888E-F75A32EA506D}.Debug|Any CPU.ActiveCfg = Debug|Any CPU
		{96973FF6-D706-4B64-888E-F75A32EA506D}.Debug|Any CPU.Build.0 = Debug|Any CPU
		{96973FF6-D706-4B64-888E-F75A32EA506D}.Release|Any CPU.ActiveCfg = Release|Any CPU
		{96973FF6-D706-4B64-888E-F75A32EA506D}.Release|Any CPU.Build.0 = Release|Any CPU
		{987986E7-1AF1-469E-9910-95353754BD03}.Debug|Any CPU.ActiveCfg = Debug|Any CPU
		{987986E7-1AF1-469E-9910-95353754BD03}.Debug|Any CPU.Build.0 = Debug|Any CPU
		{987986E7-1AF1-469E-9910-95353754BD03}.Release|Any CPU.ActiveCfg = Release|Any CPU
		{987986E7-1AF1-469E-9910-95353754BD03}.Release|Any CPU.Build.0 = Release|Any CPU
		{996DAABA-52E8-4A6A-AE45-4A8A21AE50FD}.Debug|Any CPU.ActiveCfg = Debug|Any CPU
		{996DAABA-52E8-4A6A-AE45-4A8A21AE50FD}.Debug|Any CPU.Build.0 = Debug|Any CPU
		{996DAABA-52E8-4A6A-AE45-4A8A21AE50FD}.Release|Any CPU.ActiveCfg = Release|Any CPU
		{996DAABA-52E8-4A6A-AE45-4A8A21AE50FD}.Release|Any CPU.Build.0 = Release|Any CPU
		{9A3E3030-3953-420A-B152-01819A8E7A0C}.Debug|Any CPU.ActiveCfg = Debug|Any CPU
		{9A3E3030-3953-420A-B152-01819A8E7A0C}.Debug|Any CPU.Build.0 = Debug|Any CPU
		{9A3E3030-3953-420A-B152-01819A8E7A0C}.Release|Any CPU.ActiveCfg = Release|Any CPU
		{9A3E3030-3953-420A-B152-01819A8E7A0C}.Release|Any CPU.Build.0 = Release|Any CPU
		{9AA09190-3651-4985-B1A7-EDB5F4D9544E}.Debug|Any CPU.ActiveCfg = Debug|Any CPU
		{9AA09190-3651-4985-B1A7-EDB5F4D9544E}.Debug|Any CPU.Build.0 = Debug|Any CPU
		{9AA09190-3651-4985-B1A7-EDB5F4D9544E}.Release|Any CPU.ActiveCfg = Release|Any CPU
		{9AA09190-3651-4985-B1A7-EDB5F4D9544E}.Release|Any CPU.Build.0 = Release|Any CPU
		{9FDF8936-C91B-4905-A3BF-99A8610ABDAE}.Debug|Any CPU.ActiveCfg = Debug|Any CPU
		{9FDF8936-C91B-4905-A3BF-99A8610ABDAE}.Debug|Any CPU.Build.0 = Debug|Any CPU
		{9FDF8936-C91B-4905-A3BF-99A8610ABDAE}.Release|Any CPU.ActiveCfg = Release|Any CPU
		{9FDF8936-C91B-4905-A3BF-99A8610ABDAE}.Release|Any CPU.Build.0 = Release|Any CPU
		{A2B08BF2-804C-47CE-B662-14DBA1362B31}.Debug|Any CPU.ActiveCfg = Debug|Any CPU
		{A2B08BF2-804C-47CE-B662-14DBA1362B31}.Debug|Any CPU.Build.0 = Debug|Any CPU
		{A2B08BF2-804C-47CE-B662-14DBA1362B31}.Release|Any CPU.ActiveCfg = Release|Any CPU
		{A2B08BF2-804C-47CE-B662-14DBA1362B31}.Release|Any CPU.Build.0 = Release|Any CPU
		{A504A3BB-325E-41B9-AE09-32240340596C}.Debug|Any CPU.ActiveCfg = Debug|Any CPU
		{A504A3BB-325E-41B9-AE09-32240340596C}.Debug|Any CPU.Build.0 = Debug|Any CPU
		{A504A3BB-325E-41B9-AE09-32240340596C}.Release|Any CPU.ActiveCfg = Release|Any CPU
		{A504A3BB-325E-41B9-AE09-32240340596C}.Release|Any CPU.Build.0 = Release|Any CPU
		{AFD08309-92BD-49DF-A021-2389160FAF5B}.Debug|Any CPU.ActiveCfg = Debug|Any CPU
		{AFD08309-92BD-49DF-A021-2389160FAF5B}.Debug|Any CPU.Build.0 = Debug|Any CPU
		{AFD08309-92BD-49DF-A021-2389160FAF5B}.Release|Any CPU.ActiveCfg = Release|Any CPU
		{AFD08309-92BD-49DF-A021-2389160FAF5B}.Release|Any CPU.Build.0 = Release|Any CPU
		{B0E1644D-D248-4753-A052-BF6DEE526B73}.Debug|Any CPU.ActiveCfg = Debug|Any CPU
		{B0E1644D-D248-4753-A052-BF6DEE526B73}.Debug|Any CPU.Build.0 = Debug|Any CPU
		{B0E1644D-D248-4753-A052-BF6DEE526B73}.Release|Any CPU.ActiveCfg = Release|Any CPU
		{B0E1644D-D248-4753-A052-BF6DEE526B73}.Release|Any CPU.Build.0 = Release|Any CPU
		{B5CD16A8-C078-4D53-B46F-07E4CED58F0F}.Debug|Any CPU.ActiveCfg = Debug|Any CPU
		{B5CD16A8-C078-4D53-B46F-07E4CED58F0F}.Debug|Any CPU.Build.0 = Debug|Any CPU
		{B5CD16A8-C078-4D53-B46F-07E4CED58F0F}.Release|Any CPU.ActiveCfg = Release|Any CPU
		{B5CD16A8-C078-4D53-B46F-07E4CED58F0F}.Release|Any CPU.Build.0 = Release|Any CPU
		{BC7E79ED-602F-4A92-8B5B-D8912C10CA8C}.Debug|Any CPU.ActiveCfg = Debug|Any CPU
		{BC7E79ED-602F-4A92-8B5B-D8912C10CA8C}.Debug|Any CPU.Build.0 = Debug|Any CPU
		{BC7E79ED-602F-4A92-8B5B-D8912C10CA8C}.Release|Any CPU.ActiveCfg = Release|Any CPU
		{BC7E79ED-602F-4A92-8B5B-D8912C10CA8C}.Release|Any CPU.Build.0 = Release|Any CPU
		{C0E352F6-A472-45A7-A43D-561BBF1C49D8}.Debug|Any CPU.ActiveCfg = Debug|Any CPU
		{C0E352F6-A472-45A7-A43D-561BBF1C49D8}.Debug|Any CPU.Build.0 = Debug|Any CPU
		{C0E352F6-A472-45A7-A43D-561BBF1C49D8}.Release|Any CPU.ActiveCfg = Release|Any CPU
		{C0E352F6-A472-45A7-A43D-561BBF1C49D8}.Release|Any CPU.Build.0 = Release|Any CPU
		{C3849A7C-D487-468B-9490-8B5FD52AAA84}.Debug|Any CPU.ActiveCfg = Debug|Any CPU
		{C3849A7C-D487-468B-9490-8B5FD52AAA84}.Debug|Any CPU.Build.0 = Debug|Any CPU
		{C3849A7C-D487-468B-9490-8B5FD52AAA84}.Release|Any CPU.ActiveCfg = Release|Any CPU
		{C3849A7C-D487-468B-9490-8B5FD52AAA84}.Release|Any CPU.Build.0 = Release|Any CPU
		{C823299B-D916-426A-AC52-D7214D2652B8}.Debug|Any CPU.ActiveCfg = Debug|Any CPU
		{C823299B-D916-426A-AC52-D7214D2652B8}.Debug|Any CPU.Build.0 = Debug|Any CPU
		{C823299B-D916-426A-AC52-D7214D2652B8}.Release|Any CPU.ActiveCfg = Release|Any CPU
		{C823299B-D916-426A-AC52-D7214D2652B8}.Release|Any CPU.Build.0 = Release|Any CPU
		{C9DCE13B-7251-4CEE-8A5D-08F480FAEC06}.Debug|Any CPU.ActiveCfg = Debug|Any CPU
		{C9DCE13B-7251-4CEE-8A5D-08F480FAEC06}.Debug|Any CPU.Build.0 = Debug|Any CPU
		{C9DCE13B-7251-4CEE-8A5D-08F480FAEC06}.Release|Any CPU.ActiveCfg = Release|Any CPU
		{C9DCE13B-7251-4CEE-8A5D-08F480FAEC06}.Release|Any CPU.Build.0 = Release|Any CPU
		{CAD08B26-00CD-4C74-A92B-B4CC74E4F8AF}.Debug|Any CPU.ActiveCfg = Debug|Any CPU
		{CAD08B26-00CD-4C74-A92B-B4CC74E4F8AF}.Debug|Any CPU.Build.0 = Debug|Any CPU
		{CAD08B26-00CD-4C74-A92B-B4CC74E4F8AF}.Release|Any CPU.ActiveCfg = Release|Any CPU
		{CAD08B26-00CD-4C74-A92B-B4CC74E4F8AF}.Release|Any CPU.Build.0 = Release|Any CPU
		{D046BDE9-5B53-4080-BF5B-12537700100A}.Debug|Any CPU.ActiveCfg = Debug|Any CPU
		{D046BDE9-5B53-4080-BF5B-12537700100A}.Debug|Any CPU.Build.0 = Debug|Any CPU
		{D046BDE9-5B53-4080-BF5B-12537700100A}.Release|Any CPU.ActiveCfg = Release|Any CPU
		{D046BDE9-5B53-4080-BF5B-12537700100A}.Release|Any CPU.Build.0 = Release|Any CPU
		{D0D3F464-1F48-478C-A2A1-DE10FE22686A}.Debug|Any CPU.ActiveCfg = Debug|Any CPU
		{D0D3F464-1F48-478C-A2A1-DE10FE22686A}.Debug|Any CPU.Build.0 = Debug|Any CPU
		{D0D3F464-1F48-478C-A2A1-DE10FE22686A}.Release|Any CPU.ActiveCfg = Release|Any CPU
		{D0D3F464-1F48-478C-A2A1-DE10FE22686A}.Release|Any CPU.Build.0 = Release|Any CPU
		{D3319F9B-407B-4910-8417-FB86F822EA03}.Debug|Any CPU.ActiveCfg = Debug|Any CPU
		{D3319F9B-407B-4910-8417-FB86F822EA03}.Debug|Any CPU.Build.0 = Debug|Any CPU
		{D3319F9B-407B-4910-8417-FB86F822EA03}.Release|Any CPU.ActiveCfg = Release|Any CPU
		{D3319F9B-407B-4910-8417-FB86F822EA03}.Release|Any CPU.Build.0 = Release|Any CPU
		{D3F5BDD9-BC4E-4F08-83FC-E7EE2F9B9FD2}.Debug|Any CPU.ActiveCfg = Debug|Any CPU
		{D3F5BDD9-BC4E-4F08-83FC-E7EE2F9B9FD2}.Debug|Any CPU.Build.0 = Debug|Any CPU
		{D3F5BDD9-BC4E-4F08-83FC-E7EE2F9B9FD2}.Release|Any CPU.ActiveCfg = Release|Any CPU
		{D3F5BDD9-BC4E-4F08-83FC-E7EE2F9B9FD2}.Release|Any CPU.Build.0 = Release|Any CPU
		{D54AB3B5-47A6-4A17-9CA8-BA89425880E4}.Debug|Any CPU.ActiveCfg = Debug|Any CPU
		{D54AB3B5-47A6-4A17-9CA8-BA89425880E4}.Debug|Any CPU.Build.0 = Debug|Any CPU
		{D54AB3B5-47A6-4A17-9CA8-BA89425880E4}.Release|Any CPU.ActiveCfg = Release|Any CPU
		{D54AB3B5-47A6-4A17-9CA8-BA89425880E4}.Release|Any CPU.Build.0 = Release|Any CPU
		{DF3531BE-CD46-4FA6-BEEF-1A57FB97523A}.Debug|Any CPU.ActiveCfg = Debug|Any CPU
		{DF3531BE-CD46-4FA6-BEEF-1A57FB97523A}.Debug|Any CPU.Build.0 = Debug|Any CPU
		{DF3531BE-CD46-4FA6-BEEF-1A57FB97523A}.Release|Any CPU.ActiveCfg = Release|Any CPU
		{DF3531BE-CD46-4FA6-BEEF-1A57FB97523A}.Release|Any CPU.Build.0 = Release|Any CPU
		{DFC8A759-B4BD-4C80-ADF3-BC0F056CF91C}.Debug|Any CPU.ActiveCfg = Debug|Any CPU
		{DFC8A759-B4BD-4C80-ADF3-BC0F056CF91C}.Debug|Any CPU.Build.0 = Debug|Any CPU
		{DFC8A759-B4BD-4C80-ADF3-BC0F056CF91C}.Release|Any CPU.ActiveCfg = Release|Any CPU
		{DFC8A759-B4BD-4C80-ADF3-BC0F056CF91C}.Release|Any CPU.Build.0 = Release|Any CPU
		{E06C3E27-AFA5-46B4-9239-387DC7CE88AB}.Debug|Any CPU.ActiveCfg = Debug|Any CPU
		{E06C3E27-AFA5-46B4-9239-387DC7CE88AB}.Debug|Any CPU.Build.0 = Debug|Any CPU
		{E06C3E27-AFA5-46B4-9239-387DC7CE88AB}.Release|Any CPU.ActiveCfg = Release|Any CPU
		{E06C3E27-AFA5-46B4-9239-387DC7CE88AB}.Release|Any CPU.Build.0 = Release|Any CPU
		{E594B32C-D443-422F-99B7-8D873EEE494C}.Debug|Any CPU.ActiveCfg = Debug|Any CPU
		{E594B32C-D443-422F-99B7-8D873EEE494C}.Debug|Any CPU.Build.0 = Debug|Any CPU
		{E594B32C-D443-422F-99B7-8D873EEE494C}.Release|Any CPU.ActiveCfg = Release|Any CPU
		{E594B32C-D443-422F-99B7-8D873EEE494C}.Release|Any CPU.Build.0 = Release|Any CPU
		{E6AB3E8F-DCA1-4F78-ACF3-9E673CD49F25}.Debug|Any CPU.ActiveCfg = Debug|Any CPU
		{E6AB3E8F-DCA1-4F78-ACF3-9E673CD49F25}.Debug|Any CPU.Build.0 = Debug|Any CPU
		{E6AB3E8F-DCA1-4F78-ACF3-9E673CD49F25}.Release|Any CPU.ActiveCfg = Release|Any CPU
		{E6AB3E8F-DCA1-4F78-ACF3-9E673CD49F25}.Release|Any CPU.Build.0 = Release|Any CPU
		{E84FAE46-BF5D-4D6D-B5FD-E9EAF72C1EF8}.Debug|Any CPU.ActiveCfg = Debug|Any CPU
		{E84FAE46-BF5D-4D6D-B5FD-E9EAF72C1EF8}.Debug|Any CPU.Build.0 = Debug|Any CPU
		{E84FAE46-BF5D-4D6D-B5FD-E9EAF72C1EF8}.Release|Any CPU.ActiveCfg = Release|Any CPU
		{E84FAE46-BF5D-4D6D-B5FD-E9EAF72C1EF8}.Release|Any CPU.Build.0 = Release|Any CPU
		{EB74C46A-BE02-4A09-ADFD-0F34EEC7D1AE}.Debug|Any CPU.ActiveCfg = Debug|Any CPU
		{EB74C46A-BE02-4A09-ADFD-0F34EEC7D1AE}.Debug|Any CPU.Build.0 = Debug|Any CPU
		{EB74C46A-BE02-4A09-ADFD-0F34EEC7D1AE}.Release|Any CPU.ActiveCfg = Release|Any CPU
		{EB74C46A-BE02-4A09-ADFD-0F34EEC7D1AE}.Release|Any CPU.Build.0 = Release|Any CPU
		{ECCBA484-5526-48E9-AEBC-2749C2C013AA}.Debug|Any CPU.ActiveCfg = Debug|Any CPU
		{ECCBA484-5526-48E9-AEBC-2749C2C013AA}.Debug|Any CPU.Build.0 = Debug|Any CPU
		{ECCBA484-5526-48E9-AEBC-2749C2C013AA}.Release|Any CPU.ActiveCfg = Release|Any CPU
		{ECCBA484-5526-48E9-AEBC-2749C2C013AA}.Release|Any CPU.Build.0 = Release|Any CPU
		{F22B778E-648D-457F-9D40-4A99D2510B7A}.Debug|Any CPU.ActiveCfg = Debug|Any CPU
		{F22B778E-648D-457F-9D40-4A99D2510B7A}.Debug|Any CPU.Build.0 = Debug|Any CPU
		{F22B778E-648D-457F-9D40-4A99D2510B7A}.Release|Any CPU.ActiveCfg = Release|Any CPU
		{F22B778E-648D-457F-9D40-4A99D2510B7A}.Release|Any CPU.Build.0 = Release|Any CPU
		{F479D3C9-46D8-453B-A07E-4143F892063C}.Debug|Any CPU.ActiveCfg = Debug|Any CPU
		{F479D3C9-46D8-453B-A07E-4143F892063C}.Debug|Any CPU.Build.0 = Debug|Any CPU
		{F479D3C9-46D8-453B-A07E-4143F892063C}.Release|Any CPU.ActiveCfg = Release|Any CPU
		{F479D3C9-46D8-453B-A07E-4143F892063C}.Release|Any CPU.Build.0 = Release|Any CPU
		{F505EA66-2450-4167-AD8F-4C6BE9425B10}.Debug|Any CPU.ActiveCfg = Debug|Any CPU
		{F505EA66-2450-4167-AD8F-4C6BE9425B10}.Debug|Any CPU.Build.0 = Debug|Any CPU
		{F505EA66-2450-4167-AD8F-4C6BE9425B10}.Release|Any CPU.ActiveCfg = Release|Any CPU
		{F505EA66-2450-4167-AD8F-4C6BE9425B10}.Release|Any CPU.Build.0 = Release|Any CPU
		{F64C6BE8-A925-4D42-BE60-6E094511F584}.Debug|Any CPU.ActiveCfg = Debug|Any CPU
		{F64C6BE8-A925-4D42-BE60-6E094511F584}.Debug|Any CPU.Build.0 = Debug|Any CPU
		{F64C6BE8-A925-4D42-BE60-6E094511F584}.Release|Any CPU.ActiveCfg = Release|Any CPU
		{F64C6BE8-A925-4D42-BE60-6E094511F584}.Release|Any CPU.Build.0 = Release|Any CPU
		{F6EEF2F1-1497-473E-A259-F379EA528404}.Debug|Any CPU.ActiveCfg = Debug|Any CPU
		{F6EEF2F1-1497-473E-A259-F379EA528404}.Debug|Any CPU.Build.0 = Debug|Any CPU
		{F6EEF2F1-1497-473E-A259-F379EA528404}.Release|Any CPU.ActiveCfg = Release|Any CPU
		{F6EEF2F1-1497-473E-A259-F379EA528404}.Release|Any CPU.Build.0 = Release|Any CPU
		{F783DFDB-28D9-4B76-9BC9-F013903CEC6F}.Debug|Any CPU.ActiveCfg = Debug|Any CPU
		{F783DFDB-28D9-4B76-9BC9-F013903CEC6F}.Debug|Any CPU.Build.0 = Debug|Any CPU
		{F783DFDB-28D9-4B76-9BC9-F013903CEC6F}.Release|Any CPU.ActiveCfg = Release|Any CPU
		{F783DFDB-28D9-4B76-9BC9-F013903CEC6F}.Release|Any CPU.Build.0 = Release|Any CPU
		{F87FB820-E72B-4F24-BC03-C90AD816264A}.Debug|Any CPU.ActiveCfg = Debug|Any CPU
		{F87FB820-E72B-4F24-BC03-C90AD816264A}.Debug|Any CPU.Build.0 = Debug|Any CPU
		{F87FB820-E72B-4F24-BC03-C90AD816264A}.Release|Any CPU.ActiveCfg = Release|Any CPU
		{F87FB820-E72B-4F24-BC03-C90AD816264A}.Release|Any CPU.Build.0 = Release|Any CPU
	EndGlobalSection
	GlobalSection(NestedProjects) = preSolution
		{BE303319-E9EE-4C99-9B4A-6265D312BE1E} = {268BAEDC-A0ED-4C8B-88F7-4EE16B687CEB}
		{04E204F4-DDDD-478B-96A6-C773389DBD97} = {268BAEDC-A0ED-4C8B-88F7-4EE16B687CEB}
		{B9382948-0579-4904-ACBF-CDCC221F003A} = {268BAEDC-A0ED-4C8B-88F7-4EE16B687CEB}
		{5C02854E-D520-43F3-9C24-D8E16BA6405E} = {268BAEDC-A0ED-4C8B-88F7-4EE16B687CEB}
		{F479D3C9-46D8-453B-A07E-4143F892063C} = {BE303319-E9EE-4C99-9B4A-6265D312BE1E}
		{9AA09190-3651-4985-B1A7-EDB5F4D9544E} = {BE303319-E9EE-4C99-9B4A-6265D312BE1E}
		{E6AB3E8F-DCA1-4F78-ACF3-9E673CD49F25} = {BE303319-E9EE-4C99-9B4A-6265D312BE1E}
		{8B0EEB18-CAFE-436E-A3EE-90AE924DDB29} = {BE303319-E9EE-4C99-9B4A-6265D312BE1E}
		{5D8C7CF3-A94C-451C-99FC-C1C1E7CF2ED0} = {BE303319-E9EE-4C99-9B4A-6265D312BE1E}
		{40F39BBB-CB49-417E-B662-20F39BCAB6F1} = {BE303319-E9EE-4C99-9B4A-6265D312BE1E}
		{B5CD16A8-C078-4D53-B46F-07E4CED58F0F} = {BE303319-E9EE-4C99-9B4A-6265D312BE1E}
		{5EC8DC7C-2E7F-447E-9CD1-1DF4A39CB868} = {BE303319-E9EE-4C99-9B4A-6265D312BE1E}
		{F87FB820-E72B-4F24-BC03-C90AD816264A} = {BE303319-E9EE-4C99-9B4A-6265D312BE1E}
		{1F019E86-654F-4B9A-A442-43F2D739A0B8} = {BE303319-E9EE-4C99-9B4A-6265D312BE1E}
		{600ECBEB-0B2C-4E7A-A965-28FC28C66550} = {BE303319-E9EE-4C99-9B4A-6265D312BE1E}
		{355DBB4A-20A4-4D74-AE1F-31E0A73D7F35} = {BE303319-E9EE-4C99-9B4A-6265D312BE1E}
		{2A723B4F-3E19-4E06-AAA2-E4A325B5E932} = {BE303319-E9EE-4C99-9B4A-6265D312BE1E}
		{201271C3-E76C-4A8B-9BE5-0D2AB94BA54C} = {BE303319-E9EE-4C99-9B4A-6265D312BE1E}
		{E594B32C-D443-422F-99B7-8D873EEE494C} = {BE303319-E9EE-4C99-9B4A-6265D312BE1E}
		{D3F5BDD9-BC4E-4F08-83FC-E7EE2F9B9FD2} = {BE303319-E9EE-4C99-9B4A-6265D312BE1E}
		{C823299B-D916-426A-AC52-D7214D2652B8} = {BE303319-E9EE-4C99-9B4A-6265D312BE1E}
		{631D3A3C-0085-4203-AAB1-42489F47D99F} = {BE303319-E9EE-4C99-9B4A-6265D312BE1E}
		{AFD08309-92BD-49DF-A021-2389160FAF5B} = {BE303319-E9EE-4C99-9B4A-6265D312BE1E}
		{8EB28062-C501-434E-9482-3D0D570B148A} = {BE303319-E9EE-4C99-9B4A-6265D312BE1E}
		{A504A3BB-325E-41B9-AE09-32240340596C} = {BE303319-E9EE-4C99-9B4A-6265D312BE1E}
		{F6EEF2F1-1497-473E-A259-F379EA528404} = {BE303319-E9EE-4C99-9B4A-6265D312BE1E}
		{5A631425-3E16-4CCC-8583-2592F933FCEE} = {BE303319-E9EE-4C99-9B4A-6265D312BE1E}
		{F783DFDB-28D9-4B76-9BC9-F013903CEC6F} = {BE303319-E9EE-4C99-9B4A-6265D312BE1E}
		{71C70C39-B154-4B0E-9E45-480C63520E48} = {BE303319-E9EE-4C99-9B4A-6265D312BE1E}
		{5004B489-62D1-4964-A9A8-C141C9C6A5FB} = {04E204F4-DDDD-478B-96A6-C773389DBD97}
		{F22B778E-648D-457F-9D40-4A99D2510B7A} = {04E204F4-DDDD-478B-96A6-C773389DBD97}
		{3B269FC5-095D-4897-8CCB-FE2581A575CD} = {04E204F4-DDDD-478B-96A6-C773389DBD97}
		{C3849A7C-D487-468B-9490-8B5FD52AAA84} = {04E204F4-DDDD-478B-96A6-C773389DBD97}
		{C9DCE13B-7251-4CEE-8A5D-08F480FAEC06} = {04E204F4-DDDD-478B-96A6-C773389DBD97}
		{D046BDE9-5B53-4080-BF5B-12537700100A} = {04E204F4-DDDD-478B-96A6-C773389DBD97}
		{13C4A8C5-928B-464D-8620-1112F795D645} = {04E204F4-DDDD-478B-96A6-C773389DBD97}
		{996DAABA-52E8-4A6A-AE45-4A8A21AE50FD} = {04E204F4-DDDD-478B-96A6-C773389DBD97}
		{D0D3F464-1F48-478C-A2A1-DE10FE22686A} = {04E204F4-DDDD-478B-96A6-C773389DBD97}
		{DF3531BE-CD46-4FA6-BEEF-1A57FB97523A} = {04E204F4-DDDD-478B-96A6-C773389DBD97}
		{9A3E3030-3953-420A-B152-01819A8E7A0C} = {04E204F4-DDDD-478B-96A6-C773389DBD97}
		{28EA078A-E442-4011-89EC-2CC91C32A3BB} = {04E204F4-DDDD-478B-96A6-C773389DBD97}
		{83745B16-A6F6-4E5D-B508-356A5E0F93A8} = {04E204F4-DDDD-478B-96A6-C773389DBD97}
		{36A251E8-E284-43CC-BC60-CA7EBE509346} = {04E204F4-DDDD-478B-96A6-C773389DBD97}
		{DFC8A759-B4BD-4C80-ADF3-BC0F056CF91C} = {04E204F4-DDDD-478B-96A6-C773389DBD97}
		{54BC93A0-8865-4C93-A4DF-E393D565E431} = {04E204F4-DDDD-478B-96A6-C773389DBD97}
		{96973FF6-D706-4B64-888E-F75A32EA506D} = {04E204F4-DDDD-478B-96A6-C773389DBD97}
		{A2B08BF2-804C-47CE-B662-14DBA1362B31} = {04E204F4-DDDD-478B-96A6-C773389DBD97}
		{C0E352F6-A472-45A7-A43D-561BBF1C49D8} = {04E204F4-DDDD-478B-96A6-C773389DBD97}
		{0E9D32E6-2C53-41D4-85CD-0C5A00136BF2} = {B9382948-0579-4904-ACBF-CDCC221F003A}
		{EB74C46A-BE02-4A09-ADFD-0F34EEC7D1AE} = {B9382948-0579-4904-ACBF-CDCC221F003A}
		{F505EA66-2450-4167-AD8F-4C6BE9425B10} = {B9382948-0579-4904-ACBF-CDCC221F003A}
		{8FD51241-F5B8-423E-9F0C-9F3E050B6F93} = {B9382948-0579-4904-ACBF-CDCC221F003A}
		{85909D54-6F7B-4654-B8A5-FB51148B3413} = {B9382948-0579-4904-ACBF-CDCC221F003A}
		{93195036-15E3-4549-B427-5C911EE071B4} = {B9382948-0579-4904-ACBF-CDCC221F003A}
		{91E9E90B-8999-4B69-96C2-1AD4762F0CB3} = {B9382948-0579-4904-ACBF-CDCC221F003A}
		{987986E7-1AF1-469E-9910-95353754BD03} = {B9382948-0579-4904-ACBF-CDCC221F003A}
		{CAD08B26-00CD-4C74-A92B-B4CC74E4F8AF} = {B9382948-0579-4904-ACBF-CDCC221F003A}
		{1EB0C7CA-FCB2-437F-8FC9-2BABB532D9EE} = {B9382948-0579-4904-ACBF-CDCC221F003A}
		{F64C6BE8-A925-4D42-BE60-6E094511F584} = {B9382948-0579-4904-ACBF-CDCC221F003A}
		{E84FAE46-BF5D-4D6D-B5FD-E9EAF72C1EF8} = {B9382948-0579-4904-ACBF-CDCC221F003A}
		{8B935086-7AF9-4FF9-BB96-4D2BBB2EAD2F} = {B9382948-0579-4904-ACBF-CDCC221F003A}
		{4A6E2314-A541-4E61-AABC-CD4A02B0C63A} = {B9382948-0579-4904-ACBF-CDCC221F003A}
		{28E2051B-84B0-4C12-A7DB-43677CD17D8F} = {B9382948-0579-4904-ACBF-CDCC221F003A}
		{D54AB3B5-47A6-4A17-9CA8-BA89425880E4} = {B9382948-0579-4904-ACBF-CDCC221F003A}
		{ECCBA484-5526-48E9-AEBC-2749C2C013AA} = {5C02854E-D520-43F3-9C24-D8E16BA6405E}
		{D3319F9B-407B-4910-8417-FB86F822EA03} = {5C02854E-D520-43F3-9C24-D8E16BA6405E}
		{7F8A5A1E-F5C2-469A-AA46-0E08930CF4EF} = {5C02854E-D520-43F3-9C24-D8E16BA6405E}
		{65D17E7E-C0FA-4CBA-97B3-B32416BBE4F5} = {5C02854E-D520-43F3-9C24-D8E16BA6405E}
		{3420DDC7-6D6F-4D88-9095-3181361C325B} = {5C02854E-D520-43F3-9C24-D8E16BA6405E}
		{BC7E79ED-602F-4A92-8B5B-D8912C10CA8C} = {5C02854E-D520-43F3-9C24-D8E16BA6405E}
		{6DB55593-ED82-45AB-8213-2ADF3791FAAB} = {5C02854E-D520-43F3-9C24-D8E16BA6405E}
		{28D86552-5EA6-4F82-8812-3BBA2FEA15D7} = {5C02854E-D520-43F3-9C24-D8E16BA6405E}
		{09A43B72-0AB1-4C7D-BA1B-608F5B62A989} = {5C02854E-D520-43F3-9C24-D8E16BA6405E}
		{57044B23-620E-4AAD-BF94-CEB43D6031B9} = {5C02854E-D520-43F3-9C24-D8E16BA6405E}
		{2E7E6DB1-10DF-40BD-9B93-9E6ABE0657B5} = {5C02854E-D520-43F3-9C24-D8E16BA6405E}
		{83AB0F68-98EE-44AA-8A0C-DE3DCAFA9A4A} = {5C02854E-D520-43F3-9C24-D8E16BA6405E}
		{B0E1644D-D248-4753-A052-BF6DEE526B73} = {5C02854E-D520-43F3-9C24-D8E16BA6405E}
		{9214FCD6-40C4-49E1-AF06-D58595D44AE3} = {5C02854E-D520-43F3-9C24-D8E16BA6405E}
		{12DA6195-B58F-4FC7-8ADB-1209D5E63C00} = {5C02854E-D520-43F3-9C24-D8E16BA6405E}
		{71A9EA8E-F097-4212-9EF1-10F4FF7F992C} = {5C02854E-D520-43F3-9C24-D8E16BA6405E}
		{9FDF8936-C91B-4905-A3BF-99A8610ABDAE} = {5C02854E-D520-43F3-9C24-D8E16BA6405E}
		{59F226EB-16C1-448C-8D6D-EE8D17AE90E4} = {5C02854E-D520-43F3-9C24-D8E16BA6405E}
		{81BDF85E-B59D-4429-917A-5D36CC042809} = {5C02854E-D520-43F3-9C24-D8E16BA6405E}
	EndGlobalSection
	GlobalSection(MonoDevelopProperties) = preSolution
		StartupItem = Test\Test.csproj
	EndGlobalSection
EndGlobal
